// !$*UTF8*$!
{
	archiveVersion = 1;
	classes = {
	};
	objectVersion = 50;
	objects = {

/* Begin PBXBuildFile section */
		D11E7D1325E1095700EED79E /* ListExtension.swift in Sources */ = {isa = PBXBuildFile; fileRef = D11E7D1225E1095700EED79E /* ListExtension.swift */; };
		D11E7D1A25E1433F00EED79E /* ViewExtension.swift in Sources */ = {isa = PBXBuildFile; fileRef = D11E7D1925E1433F00EED79E /* ViewExtension.swift */; };
		D11E7D2825E14B8C00EED79E /* Colors.xcassets in Resources */ = {isa = PBXBuildFile; fileRef = D11E7D2725E14B8C00EED79E /* Colors.xcassets */; };
		D11E7D2F25E14D8800EED79E /* Nunito-SemiBold.ttf in Resources */ = {isa = PBXBuildFile; fileRef = D11E7D2C25E14D8800EED79E /* Nunito-SemiBold.ttf */; };
		D11E7D3025E14D8800EED79E /* Nunito-Regular.ttf in Resources */ = {isa = PBXBuildFile; fileRef = D11E7D2D25E14D8800EED79E /* Nunito-Regular.ttf */; };
		D11E7D3125E14D8800EED79E /* Nunito-Light.ttf in Resources */ = {isa = PBXBuildFile; fileRef = D11E7D2E25E14D8800EED79E /* Nunito-Light.ttf */; };
		D11E7D3425E14DDE00EED79E /* FontExtension.swift in Sources */ = {isa = PBXBuildFile; fileRef = D11E7D3325E14DDE00EED79E /* FontExtension.swift */; };
		D11E7D3F25E15A2200EED79E /* TaskView.swift in Sources */ = {isa = PBXBuildFile; fileRef = D11E7D3E25E15A2200EED79E /* TaskView.swift */; };
		D11E7D4225E15B1600EED79E /* UIScreenExtension.swift in Sources */ = {isa = PBXBuildFile; fileRef = D11E7D4125E15B1600EED79E /* UIScreenExtension.swift */; };
		D11E7D4A25E16F9D00EED79E /* SegmentPicker.swift in Sources */ = {isa = PBXBuildFile; fileRef = D11E7D4925E16F9D00EED79E /* SegmentPicker.swift */; };
		D13A6E3225C73586003A6759 /* FilledButtonStyle.swift in Sources */ = {isa = PBXBuildFile; fileRef = D13A6E3125C73586003A6759 /* FilledButtonStyle.swift */; };
		D1529C3D25C70457003FC9D6 /* TaskItApp.swift in Sources */ = {isa = PBXBuildFile; fileRef = D1529C3C25C70457003FC9D6 /* TaskItApp.swift */; };
		D1529C4125C70460003FC9D6 /* Assets.xcassets in Resources */ = {isa = PBXBuildFile; fileRef = D1529C4025C70460003FC9D6 /* Assets.xcassets */; };
		D1529C4425C70460003FC9D6 /* Preview Assets.xcassets in Resources */ = {isa = PBXBuildFile; fileRef = D1529C4325C70460003FC9D6 /* Preview Assets.xcassets */; };
		D1529C5925C723C2003FC9D6 /* LaunchScreen.storyboard in Resources */ = {isa = PBXBuildFile; fileRef = D1529C5825C723C2003FC9D6 /* LaunchScreen.storyboard */; };
		D1529C6A25C72886003FC9D6 /* Localizable.strings in Resources */ = {isa = PBXBuildFile; fileRef = D1529C6925C72886003FC9D6 /* Localizable.strings */; };
		D1529C6F25C729D4003FC9D6 /* BeautifulPeople.ttf in Resources */ = {isa = PBXBuildFile; fileRef = D1529C6E25C729D4003FC9D6 /* BeautifulPeople.ttf */; };
		D1529C7525C72C76003FC9D6 /* ColorExtensions.swift in Sources */ = {isa = PBXBuildFile; fileRef = D1529C7425C72C76003FC9D6 /* ColorExtensions.swift */; };
		D1542BAE25DD8997005FD7C7 /* TaskRowViewModelTests.swift in Sources */ = {isa = PBXBuildFile; fileRef = D1542BAD25DD8997005FD7C7 /* TaskRowViewModelTests.swift */; };
		D1542BB525DD8A74005FD7C7 /* MockTask.swift in Sources */ = {isa = PBXBuildFile; fileRef = D1542BB425DD8A74005FD7C7 /* MockTask.swift */; };
		D1542BBA25DD8D49005FD7C7 /* MockNSManagedObjectContext.swift in Sources */ = {isa = PBXBuildFile; fileRef = D1542BB925DD8D49005FD7C7 /* MockNSManagedObjectContext.swift */; };
		D1542BE925DFE9C5005FD7C7 /* SimpleTextFieldStyle.swift in Sources */ = {isa = PBXBuildFile; fileRef = D1542BE825DFE9C5005FD7C7 /* SimpleTextFieldStyle.swift */; };
		D1542BF125E026A5005FD7C7 /* StatusSegmentView.swift in Sources */ = {isa = PBXBuildFile; fileRef = D1542BF025E026A4005FD7C7 /* StatusSegmentView.swift */; };
		D1783EBA25C9C9E500D8EFC3 /* TasksView.swift in Sources */ = {isa = PBXBuildFile; fileRef = D1783EB925C9C9E500D8EFC3 /* TasksView.swift */; };
		D1783EBD25C9C9F100D8EFC3 /* CalendarView.swift in Sources */ = {isa = PBXBuildFile; fileRef = D1783EBC25C9C9F100D8EFC3 /* CalendarView.swift */; };
		D17DA9C125DABB9100ED4A8C /* AddTaskView.swift in Sources */ = {isa = PBXBuildFile; fileRef = D17DA9C025DABB9100ED4A8C /* AddTaskView.swift */; };
		D17DA9CD25DABE4600ED4A8C /* AddTaskViewModel.swift in Sources */ = {isa = PBXBuildFile; fileRef = D17DA9CC25DABE4600ED4A8C /* AddTaskViewModel.swift */; };
		D17DA9D225DABEA600ED4A8C /* TasksViewModelProtocol.swift in Sources */ = {isa = PBXBuildFile; fileRef = D17DA9D125DABEA600ED4A8C /* TasksViewModelProtocol.swift */; };
		D17DA9D725DABECB00ED4A8C /* FakeTaskViewModel.swift in Sources */ = {isa = PBXBuildFile; fileRef = D17DA9D625DABECB00ED4A8C /* FakeTaskViewModel.swift */; };
		D17DA9E525DAC51700ED4A8C /* AddTaskViewModelProtocol.swift in Sources */ = {isa = PBXBuildFile; fileRef = D17DA9E425DAC51700ED4A8C /* AddTaskViewModelProtocol.swift */; };
		D17DA9EA25DAC53700ED4A8C /* FakeAddTaskViewModel.swift in Sources */ = {isa = PBXBuildFile; fileRef = D17DA9E925DAC53700ED4A8C /* FakeAddTaskViewModel.swift */; };
		D17DA9FA25DAE35C00ED4A8C /* TasksViewModelTests.swift in Sources */ = {isa = PBXBuildFile; fileRef = D17DA9F925DAE35C00ED4A8C /* TasksViewModelTests.swift */; };
		D17DAA9925DBDF5300ED4A8C /* Task.swift in Sources */ = {isa = PBXBuildFile; fileRef = D17DA9FF25DAE50300ED4A8C /* Task.swift */; };
		D17DAA9A25DBDF5300ED4A8C /* Persistence.swift in Sources */ = {isa = PBXBuildFile; fileRef = D187C07025DA6B4D00A5B09A /* Persistence.swift */; };
		D17DAAA125DBDF8400ED4A8C /* TaskIt.xcdatamodeld in Sources */ = {isa = PBXBuildFile; fileRef = D17DAA4E25DB039000ED4A8C /* TaskIt.xcdatamodeld */; };
		D17DAAA525DBE04900ED4A8C /* StringExtension.swift in Sources */ = {isa = PBXBuildFile; fileRef = D17DAAA425DBE04900ED4A8C /* StringExtension.swift */; };
		D17DAAA925DBF10300ED4A8C /* Status.swift in Sources */ = {isa = PBXBuildFile; fileRef = D17DAAA825DBF10300ED4A8C /* Status.swift */; };
		D17DAAAD25DBF2A100ED4A8C /* Priority.swift in Sources */ = {isa = PBXBuildFile; fileRef = D17DAAAC25DBF2A100ED4A8C /* Priority.swift */; };
		D17DAAB225DBFC9E00ED4A8C /* TaskRowView.swift in Sources */ = {isa = PBXBuildFile; fileRef = D17DAAB125DBFC9E00ED4A8C /* TaskRowView.swift */; };
		D17DAAB525DBFCEB00ED4A8C /* TaskRowViewModelProtocol.swift in Sources */ = {isa = PBXBuildFile; fileRef = D17DAAB425DBFCEB00ED4A8C /* TaskRowViewModelProtocol.swift */; };
		D17DAAB825DBFD0F00ED4A8C /* FakeTaskRowViewModel.swift in Sources */ = {isa = PBXBuildFile; fileRef = D17DAAB725DBFD0F00ED4A8C /* FakeTaskRowViewModel.swift */; };
		D17DAABB25DBFD3300ED4A8C /* TaskRowViewModel.swift in Sources */ = {isa = PBXBuildFile; fileRef = D17DAABA25DBFD3300ED4A8C /* TaskRowViewModel.swift */; };
		D17DAAD425DC279D00ED4A8C /* PrioritySegmentView.swift in Sources */ = {isa = PBXBuildFile; fileRef = D17DAAD325DC279C00ED4A8C /* PrioritySegmentView.swift */; };
		D17FC98625D6E814002A5501 /* CloudKit.framework in Frameworks */ = {isa = PBXBuildFile; fileRef = D14E118925D2FCDD00FC27E3 /* CloudKit.framework */; };
		D17FC98F25D8106F002A5501 /* SettingsViewModel.swift in Sources */ = {isa = PBXBuildFile; fileRef = D17FC98E25D8106F002A5501 /* SettingsViewModel.swift */; };
		D17FC99425D8107C002A5501 /* SettingsViewModelProtocol.swift in Sources */ = {isa = PBXBuildFile; fileRef = D17FC99325D8107C002A5501 /* SettingsViewModelProtocol.swift */; };
		D17FC99925D8108B002A5501 /* FakeSettingsViewModel.swift in Sources */ = {isa = PBXBuildFile; fileRef = D17FC99825D8108B002A5501 /* FakeSettingsViewModel.swift */; };
		D17FC99E25D81450002A5501 /* SettingsItemExtension.swift in Sources */ = {isa = PBXBuildFile; fileRef = D17FC99D25D81450002A5501 /* SettingsItemExtension.swift */; };
		D17FC9A325D815EE002A5501 /* BundleExtension.swift in Sources */ = {isa = PBXBuildFile; fileRef = D17FC9A225D815EE002A5501 /* BundleExtension.swift */; };
		D17FC9A925D817BE002A5501 /* SettingsRowView.swift in Sources */ = {isa = PBXBuildFile; fileRef = D17FC9A825D817BE002A5501 /* SettingsRowView.swift */; };
		D17FC9AE25D817F4002A5501 /* ImageExtension.swift in Sources */ = {isa = PBXBuildFile; fileRef = D17FC9AD25D817F4002A5501 /* ImageExtension.swift */; };
		D17FC9B325D81810002A5501 /* SubTitleStyle.swift in Sources */ = {isa = PBXBuildFile; fileRef = D17FC9B225D81810002A5501 /* SubTitleStyle.swift */; };
		D17FC9D125D81EBB002A5501 /* UIApplicationExtension.swift in Sources */ = {isa = PBXBuildFile; fileRef = D17FC9D025D81EBB002A5501 /* UIApplicationExtension.swift */; };
		D17FC9D925D8235F002A5501 /* SettingsRowViewModel.swift in Sources */ = {isa = PBXBuildFile; fileRef = D17FC9D825D8235F002A5501 /* SettingsRowViewModel.swift */; };
		D17FC9E725D82863002A5501 /* SettingsRowViewModelProtocol.swift in Sources */ = {isa = PBXBuildFile; fileRef = D17FC9E625D82863002A5501 /* SettingsRowViewModelProtocol.swift */; };
		D17FC9EC25D828F6002A5501 /* FakeSettingsRowViewModel.swift in Sources */ = {isa = PBXBuildFile; fileRef = D17FC9EB25D828F6002A5501 /* FakeSettingsRowViewModel.swift */; };
		D17FC9F125D82AC7002A5501 /* SettingsViewModelTests.swift in Sources */ = {isa = PBXBuildFile; fileRef = D17FC9F025D82AC7002A5501 /* SettingsViewModelTests.swift */; };
		D17FC9F625D82B9C002A5501 /* SettingsRowViewModelTests.swift in Sources */ = {isa = PBXBuildFile; fileRef = D17FC9F525D82B9C002A5501 /* SettingsRowViewModelTests.swift */; };
		D17FC9FB25D82E28002A5501 /* FooterStyle.swift in Sources */ = {isa = PBXBuildFile; fileRef = D17FC9FA25D82E28002A5501 /* FooterStyle.swift */; };
		D17FCA5B25D98986002A5501 /* TasksViewModel.swift in Sources */ = {isa = PBXBuildFile; fileRef = D17FCA5A25D98986002A5501 /* TasksViewModel.swift */; };
		D1BC33C225D455F50068A57A /* Constants.swift in Sources */ = {isa = PBXBuildFile; fileRef = D1BC33C125D455F50068A57A /* Constants.swift */; };
		D1BC346625D5A11E0068A57A /* Closure.swift in Sources */ = {isa = PBXBuildFile; fileRef = D1BC346525D5A11E0068A57A /* Closure.swift */; };
		D1BC348925D5A92A0068A57A /* SettingsView.swift in Sources */ = {isa = PBXBuildFile; fileRef = D1BC348825D5A92A0068A57A /* SettingsView.swift */; };
		D1D74EF425C96DA400E8EC77 /* Layout.swift in Sources */ = {isa = PBXBuildFile; fileRef = D1D74EF325C96DA400E8EC77 /* Layout.swift */; };
		D1D74EFD25C9733700E8EC77 /* OutlinedButtonStyle.swift in Sources */ = {isa = PBXBuildFile; fileRef = D1D74EFC25C9733700E8EC77 /* OutlinedButtonStyle.swift */; };
		D1D74F0225C9753800E8EC77 /* FootnoteTextStyle.swift in Sources */ = {isa = PBXBuildFile; fileRef = D1D74F0125C9753800E8EC77 /* FootnoteTextStyle.swift */; };
/* End PBXBuildFile section */

/* Begin PBXContainerItemProxy section */
		D1BC33E325D594DE0068A57A /* PBXContainerItemProxy */ = {
			isa = PBXContainerItemProxy;
			containerPortal = D1529C3125C70457003FC9D6 /* Project object */;
			proxyType = 1;
			remoteGlobalIDString = D1529C3825C70457003FC9D6;
			remoteInfo = TaskIt;
		};
/* End PBXContainerItemProxy section */

/* Begin PBXCopyFilesBuildPhase section */
		D14E11AB25D3004D00FC27E3 /* Embed Frameworks */ = {
			isa = PBXCopyFilesBuildPhase;
			buildActionMask = 2147483647;
			dstPath = "";
			dstSubfolderSpec = 10;
			files = (
			);
			name = "Embed Frameworks";
			runOnlyForDeploymentPostprocessing = 0;
		};
/* End PBXCopyFilesBuildPhase section */

/* Begin PBXFileReference section */
		D11E7D1225E1095700EED79E /* ListExtension.swift */ = {isa = PBXFileReference; lastKnownFileType = sourcecode.swift; path = ListExtension.swift; sourceTree = "<group>"; };
		D11E7D1925E1433F00EED79E /* ViewExtension.swift */ = {isa = PBXFileReference; lastKnownFileType = sourcecode.swift; path = ViewExtension.swift; sourceTree = "<group>"; };
		D11E7D2725E14B8C00EED79E /* Colors.xcassets */ = {isa = PBXFileReference; lastKnownFileType = folder.assetcatalog; path = Colors.xcassets; sourceTree = "<group>"; };
		D11E7D2C25E14D8800EED79E /* Nunito-SemiBold.ttf */ = {isa = PBXFileReference; lastKnownFileType = file; path = "Nunito-SemiBold.ttf"; sourceTree = "<group>"; };
		D11E7D2D25E14D8800EED79E /* Nunito-Regular.ttf */ = {isa = PBXFileReference; lastKnownFileType = file; path = "Nunito-Regular.ttf"; sourceTree = "<group>"; };
		D11E7D2E25E14D8800EED79E /* Nunito-Light.ttf */ = {isa = PBXFileReference; lastKnownFileType = file; path = "Nunito-Light.ttf"; sourceTree = "<group>"; };
		D11E7D3325E14DDE00EED79E /* FontExtension.swift */ = {isa = PBXFileReference; lastKnownFileType = sourcecode.swift; path = FontExtension.swift; sourceTree = "<group>"; };
		D11E7D3E25E15A2200EED79E /* TaskView.swift */ = {isa = PBXFileReference; lastKnownFileType = sourcecode.swift; path = TaskView.swift; sourceTree = "<group>"; };
		D11E7D4125E15B1600EED79E /* UIScreenExtension.swift */ = {isa = PBXFileReference; lastKnownFileType = sourcecode.swift; path = UIScreenExtension.swift; sourceTree = "<group>"; };
		D11E7D4925E16F9D00EED79E /* SegmentPicker.swift */ = {isa = PBXFileReference; lastKnownFileType = sourcecode.swift; path = SegmentPicker.swift; sourceTree = "<group>"; };
		D13A6E3125C73586003A6759 /* FilledButtonStyle.swift */ = {isa = PBXFileReference; lastKnownFileType = sourcecode.swift; path = FilledButtonStyle.swift; sourceTree = "<group>"; };
		D14E118925D2FCDD00FC27E3 /* CloudKit.framework */ = {isa = PBXFileReference; lastKnownFileType = wrapper.framework; name = CloudKit.framework; path = System/Library/Frameworks/CloudKit.framework; sourceTree = SDKROOT; };
		D1529C3925C70457003FC9D6 /* TaskIt.app */ = {isa = PBXFileReference; explicitFileType = wrapper.application; includeInIndex = 0; path = TaskIt.app; sourceTree = BUILT_PRODUCTS_DIR; };
		D1529C3C25C70457003FC9D6 /* TaskItApp.swift */ = {isa = PBXFileReference; lastKnownFileType = sourcecode.swift; path = TaskItApp.swift; sourceTree = "<group>"; };
		D1529C4025C70460003FC9D6 /* Assets.xcassets */ = {isa = PBXFileReference; lastKnownFileType = folder.assetcatalog; path = Assets.xcassets; sourceTree = "<group>"; };
		D1529C4325C70460003FC9D6 /* Preview Assets.xcassets */ = {isa = PBXFileReference; lastKnownFileType = folder.assetcatalog; path = "Preview Assets.xcassets"; sourceTree = "<group>"; };
		D1529C4525C70460003FC9D6 /* Info.plist */ = {isa = PBXFileReference; lastKnownFileType = text.plist.xml; path = Info.plist; sourceTree = "<group>"; };
		D1529C5825C723C2003FC9D6 /* LaunchScreen.storyboard */ = {isa = PBXFileReference; lastKnownFileType = file.storyboard; path = LaunchScreen.storyboard; sourceTree = "<group>"; };
		D1529C6925C72886003FC9D6 /* Localizable.strings */ = {isa = PBXFileReference; lastKnownFileType = text.plist.strings; path = Localizable.strings; sourceTree = "<group>"; };
		D1529C6E25C729D4003FC9D6 /* BeautifulPeople.ttf */ = {isa = PBXFileReference; lastKnownFileType = file; path = BeautifulPeople.ttf; sourceTree = "<group>"; };
		D1529C7425C72C76003FC9D6 /* ColorExtensions.swift */ = {isa = PBXFileReference; lastKnownFileType = sourcecode.swift; path = ColorExtensions.swift; sourceTree = "<group>"; };
		D1542BAD25DD8997005FD7C7 /* TaskRowViewModelTests.swift */ = {isa = PBXFileReference; lastKnownFileType = sourcecode.swift; path = TaskRowViewModelTests.swift; sourceTree = "<group>"; };
		D1542BB425DD8A74005FD7C7 /* MockTask.swift */ = {isa = PBXFileReference; lastKnownFileType = sourcecode.swift; path = MockTask.swift; sourceTree = "<group>"; };
		D1542BB925DD8D49005FD7C7 /* MockNSManagedObjectContext.swift */ = {isa = PBXFileReference; lastKnownFileType = sourcecode.swift; path = MockNSManagedObjectContext.swift; sourceTree = "<group>"; };
		D1542BE825DFE9C5005FD7C7 /* SimpleTextFieldStyle.swift */ = {isa = PBXFileReference; lastKnownFileType = sourcecode.swift; path = SimpleTextFieldStyle.swift; sourceTree = "<group>"; };
		D1542BF025E026A4005FD7C7 /* StatusSegmentView.swift */ = {isa = PBXFileReference; lastKnownFileType = sourcecode.swift; path = StatusSegmentView.swift; sourceTree = "<group>"; };
		D1783EB925C9C9E500D8EFC3 /* TasksView.swift */ = {isa = PBXFileReference; lastKnownFileType = sourcecode.swift; path = TasksView.swift; sourceTree = "<group>"; };
		D1783EBC25C9C9F100D8EFC3 /* CalendarView.swift */ = {isa = PBXFileReference; lastKnownFileType = sourcecode.swift; name = CalendarView.swift; path = TaskIt/Source/Views/Calendar/CalendarView.swift; sourceTree = SOURCE_ROOT; };
		D17DA9C025DABB9100ED4A8C /* AddTaskView.swift */ = {isa = PBXFileReference; lastKnownFileType = sourcecode.swift; path = AddTaskView.swift; sourceTree = "<group>"; };
		D17DA9CC25DABE4600ED4A8C /* AddTaskViewModel.swift */ = {isa = PBXFileReference; lastKnownFileType = sourcecode.swift; path = AddTaskViewModel.swift; sourceTree = "<group>"; };
		D17DA9D125DABEA600ED4A8C /* TasksViewModelProtocol.swift */ = {isa = PBXFileReference; lastKnownFileType = sourcecode.swift; path = TasksViewModelProtocol.swift; sourceTree = "<group>"; };
		D17DA9D625DABECB00ED4A8C /* FakeTaskViewModel.swift */ = {isa = PBXFileReference; lastKnownFileType = sourcecode.swift; path = FakeTaskViewModel.swift; sourceTree = "<group>"; };
		D17DA9E425DAC51700ED4A8C /* AddTaskViewModelProtocol.swift */ = {isa = PBXFileReference; lastKnownFileType = sourcecode.swift; path = AddTaskViewModelProtocol.swift; sourceTree = "<group>"; };
		D17DA9E925DAC53700ED4A8C /* FakeAddTaskViewModel.swift */ = {isa = PBXFileReference; lastKnownFileType = sourcecode.swift; path = FakeAddTaskViewModel.swift; sourceTree = "<group>"; };
		D17DA9F925DAE35C00ED4A8C /* TasksViewModelTests.swift */ = {isa = PBXFileReference; lastKnownFileType = sourcecode.swift; path = TasksViewModelTests.swift; sourceTree = "<group>"; };
		D17DA9FF25DAE50300ED4A8C /* Task.swift */ = {isa = PBXFileReference; lastKnownFileType = sourcecode.swift; path = Task.swift; sourceTree = "<group>"; };
		D17DAA4F25DB039000ED4A8C /* TaskIt.xcdatamodel */ = {isa = PBXFileReference; lastKnownFileType = wrapper.xcdatamodel; path = TaskIt.xcdatamodel; sourceTree = "<group>"; };
		D17DAAA425DBE04900ED4A8C /* StringExtension.swift */ = {isa = PBXFileReference; lastKnownFileType = sourcecode.swift; path = StringExtension.swift; sourceTree = "<group>"; };
		D17DAAA825DBF10300ED4A8C /* Status.swift */ = {isa = PBXFileReference; lastKnownFileType = sourcecode.swift; path = Status.swift; sourceTree = "<group>"; };
		D17DAAAC25DBF2A100ED4A8C /* Priority.swift */ = {isa = PBXFileReference; lastKnownFileType = sourcecode.swift; path = Priority.swift; sourceTree = "<group>"; };
		D17DAAB125DBFC9E00ED4A8C /* TaskRowView.swift */ = {isa = PBXFileReference; lastKnownFileType = sourcecode.swift; path = TaskRowView.swift; sourceTree = "<group>"; };
		D17DAAB425DBFCEB00ED4A8C /* TaskRowViewModelProtocol.swift */ = {isa = PBXFileReference; lastKnownFileType = sourcecode.swift; path = TaskRowViewModelProtocol.swift; sourceTree = "<group>"; };
		D17DAAB725DBFD0F00ED4A8C /* FakeTaskRowViewModel.swift */ = {isa = PBXFileReference; lastKnownFileType = sourcecode.swift; path = FakeTaskRowViewModel.swift; sourceTree = "<group>"; };
		D17DAABA25DBFD3300ED4A8C /* TaskRowViewModel.swift */ = {isa = PBXFileReference; lastKnownFileType = sourcecode.swift; path = TaskRowViewModel.swift; sourceTree = "<group>"; };
		D17DAAD325DC279C00ED4A8C /* PrioritySegmentView.swift */ = {isa = PBXFileReference; lastKnownFileType = sourcecode.swift; path = PrioritySegmentView.swift; sourceTree = "<group>"; };
		D17FC98E25D8106F002A5501 /* SettingsViewModel.swift */ = {isa = PBXFileReference; lastKnownFileType = sourcecode.swift; path = SettingsViewModel.swift; sourceTree = "<group>"; };
		D17FC99325D8107C002A5501 /* SettingsViewModelProtocol.swift */ = {isa = PBXFileReference; lastKnownFileType = sourcecode.swift; path = SettingsViewModelProtocol.swift; sourceTree = "<group>"; };
		D17FC99825D8108B002A5501 /* FakeSettingsViewModel.swift */ = {isa = PBXFileReference; lastKnownFileType = sourcecode.swift; path = FakeSettingsViewModel.swift; sourceTree = "<group>"; };
		D17FC99D25D81450002A5501 /* SettingsItemExtension.swift */ = {isa = PBXFileReference; lastKnownFileType = sourcecode.swift; path = SettingsItemExtension.swift; sourceTree = "<group>"; };
		D17FC9A225D815EE002A5501 /* BundleExtension.swift */ = {isa = PBXFileReference; lastKnownFileType = sourcecode.swift; path = BundleExtension.swift; sourceTree = "<group>"; };
		D17FC9A825D817BE002A5501 /* SettingsRowView.swift */ = {isa = PBXFileReference; lastKnownFileType = sourcecode.swift; path = SettingsRowView.swift; sourceTree = "<group>"; };
		D17FC9AD25D817F4002A5501 /* ImageExtension.swift */ = {isa = PBXFileReference; lastKnownFileType = sourcecode.swift; path = ImageExtension.swift; sourceTree = "<group>"; };
		D17FC9B225D81810002A5501 /* SubTitleStyle.swift */ = {isa = PBXFileReference; lastKnownFileType = sourcecode.swift; path = SubTitleStyle.swift; sourceTree = "<group>"; };
		D17FC9D025D81EBB002A5501 /* UIApplicationExtension.swift */ = {isa = PBXFileReference; lastKnownFileType = sourcecode.swift; path = UIApplicationExtension.swift; sourceTree = "<group>"; };
		D17FC9D825D8235F002A5501 /* SettingsRowViewModel.swift */ = {isa = PBXFileReference; lastKnownFileType = sourcecode.swift; path = SettingsRowViewModel.swift; sourceTree = "<group>"; };
		D17FC9E625D82863002A5501 /* SettingsRowViewModelProtocol.swift */ = {isa = PBXFileReference; lastKnownFileType = sourcecode.swift; path = SettingsRowViewModelProtocol.swift; sourceTree = "<group>"; };
		D17FC9EB25D828F6002A5501 /* FakeSettingsRowViewModel.swift */ = {isa = PBXFileReference; lastKnownFileType = sourcecode.swift; path = FakeSettingsRowViewModel.swift; sourceTree = "<group>"; };
		D17FC9F025D82AC7002A5501 /* SettingsViewModelTests.swift */ = {isa = PBXFileReference; lastKnownFileType = sourcecode.swift; path = SettingsViewModelTests.swift; sourceTree = "<group>"; };
		D17FC9F525D82B9C002A5501 /* SettingsRowViewModelTests.swift */ = {isa = PBXFileReference; lastKnownFileType = sourcecode.swift; path = SettingsRowViewModelTests.swift; sourceTree = "<group>"; };
		D17FC9FA25D82E28002A5501 /* FooterStyle.swift */ = {isa = PBXFileReference; lastKnownFileType = sourcecode.swift; path = FooterStyle.swift; sourceTree = "<group>"; };
		D17FCA5A25D98986002A5501 /* TasksViewModel.swift */ = {isa = PBXFileReference; lastKnownFileType = sourcecode.swift; path = TasksViewModel.swift; sourceTree = "<group>"; };
		D187C07025DA6B4D00A5B09A /* Persistence.swift */ = {isa = PBXFileReference; lastKnownFileType = sourcecode.swift; path = Persistence.swift; sourceTree = "<group>"; };
		D1BB6D4A25D0104F00B1ED10 /* TaskIt.entitlements */ = {isa = PBXFileReference; lastKnownFileType = text.plist.entitlements; path = TaskIt.entitlements; sourceTree = "<group>"; };
		D1BC33C125D455F50068A57A /* Constants.swift */ = {isa = PBXFileReference; lastKnownFileType = sourcecode.swift; path = Constants.swift; sourceTree = "<group>"; };
		D1BC33DE25D594DE0068A57A /* TaskItTests.xctest */ = {isa = PBXFileReference; explicitFileType = wrapper.cfbundle; includeInIndex = 0; path = TaskItTests.xctest; sourceTree = BUILT_PRODUCTS_DIR; };
		D1BC33E225D594DE0068A57A /* Info.plist */ = {isa = PBXFileReference; lastKnownFileType = text.plist.xml; path = Info.plist; sourceTree = "<group>"; };
		D1BC346525D5A11E0068A57A /* Closure.swift */ = {isa = PBXFileReference; lastKnownFileType = sourcecode.swift; path = Closure.swift; sourceTree = "<group>"; };
		D1BC348825D5A92A0068A57A /* SettingsView.swift */ = {isa = PBXFileReference; lastKnownFileType = sourcecode.swift; path = SettingsView.swift; sourceTree = "<group>"; };
		D1D74EF325C96DA400E8EC77 /* Layout.swift */ = {isa = PBXFileReference; lastKnownFileType = sourcecode.swift; path = Layout.swift; sourceTree = "<group>"; };
		D1D74EFC25C9733700E8EC77 /* OutlinedButtonStyle.swift */ = {isa = PBXFileReference; lastKnownFileType = sourcecode.swift; path = OutlinedButtonStyle.swift; sourceTree = "<group>"; };
		D1D74F0125C9753800E8EC77 /* FootnoteTextStyle.swift */ = {isa = PBXFileReference; lastKnownFileType = sourcecode.swift; path = FootnoteTextStyle.swift; sourceTree = "<group>"; };
/* End PBXFileReference section */

/* Begin PBXFrameworksBuildPhase section */
		D1529C3625C70457003FC9D6 /* Frameworks */ = {
			isa = PBXFrameworksBuildPhase;
			buildActionMask = 2147483647;
			files = (
				D17FC98625D6E814002A5501 /* CloudKit.framework in Frameworks */,
			);
			runOnlyForDeploymentPostprocessing = 0;
		};
		D1BC33DB25D594DE0068A57A /* Frameworks */ = {
			isa = PBXFrameworksBuildPhase;
			buildActionMask = 2147483647;
			files = (
			);
			runOnlyForDeploymentPostprocessing = 0;
		};
/* End PBXFrameworksBuildPhase section */

/* Begin PBXGroup section */
		D11E7D3A25E155A800EED79E /* Calendar */ = {
			isa = PBXGroup;
			children = (
				D1783EBC25C9C9F100D8EFC3 /* CalendarView.swift */,
			);
			path = Calendar;
			sourceTree = "<group>";
		};
		D13A6E2625C72E0C003A6759 /* Extensions */ = {
			isa = PBXGroup;
			children = (
				D17FC9A225D815EE002A5501 /* BundleExtension.swift */,
				D1529C7425C72C76003FC9D6 /* ColorExtensions.swift */,
				D11E7D3325E14DDE00EED79E /* FontExtension.swift */,
				D17FC9AD25D817F4002A5501 /* ImageExtension.swift */,
				D11E7D1225E1095700EED79E /* ListExtension.swift */,
				D17FC99D25D81450002A5501 /* SettingsItemExtension.swift */,
				D17DAAA425DBE04900ED4A8C /* StringExtension.swift */,
				D17FC9D025D81EBB002A5501 /* UIApplicationExtension.swift */,
				D11E7D1925E1433F00EED79E /* ViewExtension.swift */,
				D11E7D4125E15B1600EED79E /* UIScreenExtension.swift */,
			);
			path = Extensions;
			sourceTree = "<group>";
		};
		D13A6E3025C73559003A6759 /* Styles */ = {
			isa = PBXGroup;
			children = (
				D13A6E3125C73586003A6759 /* FilledButtonStyle.swift */,
				D17FC9FA25D82E28002A5501 /* FooterStyle.swift */,
				D1D74F0125C9753800E8EC77 /* FootnoteTextStyle.swift */,
				D17FC9B225D81810002A5501 /* SubTitleStyle.swift */,
				D1D74EFC25C9733700E8EC77 /* OutlinedButtonStyle.swift */,
				D1542BE825DFE9C5005FD7C7 /* SimpleTextFieldStyle.swift */,
			);
			path = Styles;
			sourceTree = "<group>";
		};
		D14E118825D2FCDD00FC27E3 /* Frameworks */ = {
			isa = PBXGroup;
			children = (
				D14E118925D2FCDD00FC27E3 /* CloudKit.framework */,
			);
			name = Frameworks;
			sourceTree = "<group>";
		};
		D1529C3025C70457003FC9D6 = {
			isa = PBXGroup;
			children = (
				D1529C3B25C70457003FC9D6 /* TaskIt */,
				D1BC33DF25D594DE0068A57A /* TaskItTests */,
				D1529C3A25C70457003FC9D6 /* Products */,
				D14E118825D2FCDD00FC27E3 /* Frameworks */,
			);
			sourceTree = "<group>";
		};
		D1529C3A25C70457003FC9D6 /* Products */ = {
			isa = PBXGroup;
			children = (
				D1529C3925C70457003FC9D6 /* TaskIt.app */,
				D1BC33DE25D594DE0068A57A /* TaskItTests.xctest */,
			);
			name = Products;
			sourceTree = "<group>";
		};
		D1529C3B25C70457003FC9D6 /* TaskIt */ = {
			isa = PBXGroup;
			children = (
				D1529C4C25C70F0B003FC9D6 /* Source */,
				D1529C4D25C70F10003FC9D6 /* Resources */,
				D1529C4225C70460003FC9D6 /* Preview Content */,
			);
			path = TaskIt;
			sourceTree = "<group>";
		};
		D1529C4225C70460003FC9D6 /* Preview Content */ = {
			isa = PBXGroup;
			children = (
				D1529C4325C70460003FC9D6 /* Preview Assets.xcassets */,
			);
			path = "Preview Content";
			sourceTree = "<group>";
		};
		D1529C4C25C70F0B003FC9D6 /* Source */ = {
			isa = PBXGroup;
			children = (
				D1529C3C25C70457003FC9D6 /* TaskItApp.swift */,
				D1BC33C125D455F50068A57A /* Constants.swift */,
				D17DAAD225DC278E00ED4A8C /* Components */,
				D13A6E2625C72E0C003A6759 /* Extensions */,
				D1529C6425C727CA003FC9D6 /* Views */,
				D1BC33B825D453840068A57A /* ViewModels */,
				D17DAA9F25DBDF6200ED4A8C /* Models */,
				D13A6E3025C73559003A6759 /* Styles */,
				D1D74EF725C96E5A00E8EC77 /* Utilities */,
			);
			path = Source;
			sourceTree = "<group>";
		};
		D1529C4D25C70F10003FC9D6 /* Resources */ = {
			isa = PBXGroup;
			children = (
				D1529C6D25C72982003FC9D6 /* Fonts */,
				D1529C5825C723C2003FC9D6 /* LaunchScreen.storyboard */,
				D1529C6925C72886003FC9D6 /* Localizable.strings */,
				D1529C4025C70460003FC9D6 /* Assets.xcassets */,
				D11E7D2725E14B8C00EED79E /* Colors.xcassets */,
				D1529C4525C70460003FC9D6 /* Info.plist */,
				D1BB6D4A25D0104F00B1ED10 /* TaskIt.entitlements */,
			);
			path = Resources;
			sourceTree = "<group>";
		};
		D1529C6425C727CA003FC9D6 /* Views */ = {
			isa = PBXGroup;
			children = (
				D11E7D3A25E155A800EED79E /* Calendar */,
				D17DA9C825DABB9900ED4A8C /* Tasks */,
				D17FC9A725D817A6002A5501 /* Settings */,
			);
			path = Views;
			sourceTree = "<group>";
		};
		D1529C6D25C72982003FC9D6 /* Fonts */ = {
			isa = PBXGroup;
			children = (
				D11E7D2E25E14D8800EED79E /* Nunito-Light.ttf */,
				D11E7D2D25E14D8800EED79E /* Nunito-Regular.ttf */,
				D11E7D2C25E14D8800EED79E /* Nunito-SemiBold.ttf */,
				D1529C6E25C729D4003FC9D6 /* BeautifulPeople.ttf */,
			);
			path = Fonts;
			sourceTree = "<group>";
		};
		D1542BB325DD8A5E005FD7C7 /* Mocks */ = {
			isa = PBXGroup;
			children = (
				D1542BB425DD8A74005FD7C7 /* MockTask.swift */,
				D1542BB925DD8D49005FD7C7 /* MockNSManagedObjectContext.swift */,
			);
			path = Mocks;
			sourceTree = "<group>";
		};
		D17DA9C825DABB9900ED4A8C /* Tasks */ = {
			isa = PBXGroup;
			children = (
				D1783EB925C9C9E500D8EFC3 /* TasksView.swift */,
				D17DAAB125DBFC9E00ED4A8C /* TaskRowView.swift */,
				D17DA9C025DABB9100ED4A8C /* AddTaskView.swift */,
				D11E7D3E25E15A2200EED79E /* TaskView.swift */,
			);
			path = Tasks;
			sourceTree = "<group>";
		};
		D17DAA9F25DBDF6200ED4A8C /* Models */ = {
			isa = PBXGroup;
			children = (
				D17DAA4E25DB039000ED4A8C /* TaskIt.xcdatamodeld */,
				D187C07025DA6B4D00A5B09A /* Persistence.swift */,
				D17DA9FF25DAE50300ED4A8C /* Task.swift */,
				D17DAAA825DBF10300ED4A8C /* Status.swift */,
				D17DAAAC25DBF2A100ED4A8C /* Priority.swift */,
			);
			path = Models;
			sourceTree = "<group>";
		};
		D17DAAD225DC278E00ED4A8C /* Components */ = {
			isa = PBXGroup;
			children = (
				D17DAAD325DC279C00ED4A8C /* PrioritySegmentView.swift */,
				D1542BF025E026A4005FD7C7 /* StatusSegmentView.swift */,
				D11E7D4925E16F9D00EED79E /* SegmentPicker.swift */,
			);
			path = Components;
			sourceTree = "<group>";
		};
		D17FC9A725D817A6002A5501 /* Settings */ = {
			isa = PBXGroup;
			children = (
				D1BC348825D5A92A0068A57A /* SettingsView.swift */,
				D17FC9A825D817BE002A5501 /* SettingsRowView.swift */,
			);
			path = Settings;
			sourceTree = "<group>";
		};
		D1BC33B825D453840068A57A /* ViewModels */ = {
			isa = PBXGroup;
			children = (
				D1BC33CA25D58AD70068A57A /* Fakes */,
				D1BC33D125D58B3D0068A57A /* Protocols */,
				D17FC98E25D8106F002A5501 /* SettingsViewModel.swift */,
				D17FC9D825D8235F002A5501 /* SettingsRowViewModel.swift */,
				D17FCA5A25D98986002A5501 /* TasksViewModel.swift */,
				D17DAABA25DBFD3300ED4A8C /* TaskRowViewModel.swift */,
				D17DA9CC25DABE4600ED4A8C /* AddTaskViewModel.swift */,
			);
			path = ViewModels;
			sourceTree = "<group>";
		};
		D1BC33CA25D58AD70068A57A /* Fakes */ = {
			isa = PBXGroup;
			children = (
				D17FC99825D8108B002A5501 /* FakeSettingsViewModel.swift */,
				D17FC9EB25D828F6002A5501 /* FakeSettingsRowViewModel.swift */,
				D17DA9D625DABECB00ED4A8C /* FakeTaskViewModel.swift */,
				D17DAAB725DBFD0F00ED4A8C /* FakeTaskRowViewModel.swift */,
				D17DA9E925DAC53700ED4A8C /* FakeAddTaskViewModel.swift */,
			);
			path = Fakes;
			sourceTree = "<group>";
		};
		D1BC33D125D58B3D0068A57A /* Protocols */ = {
			isa = PBXGroup;
			children = (
				D17FC99325D8107C002A5501 /* SettingsViewModelProtocol.swift */,
				D17FC9E625D82863002A5501 /* SettingsRowViewModelProtocol.swift */,
				D17DA9D125DABEA600ED4A8C /* TasksViewModelProtocol.swift */,
				D17DAAB425DBFCEB00ED4A8C /* TaskRowViewModelProtocol.swift */,
				D17DA9E425DAC51700ED4A8C /* AddTaskViewModelProtocol.swift */,
			);
			path = Protocols;
			sourceTree = "<group>";
		};
		D1BC33DF25D594DE0068A57A /* TaskItTests */ = {
			isa = PBXGroup;
			children = (
				D1BC33F425D595070068A57A /* Source */,
				D1BC33F525D5950E0068A57A /* Resources */,
			);
			path = TaskItTests;
			sourceTree = "<group>";
		};
		D1BC33F425D595070068A57A /* Source */ = {
			isa = PBXGroup;
			children = (
				D1542BB325DD8A5E005FD7C7 /* Mocks */,
				D1BC33F925D595CD0068A57A /* ViewModels */,
			);
			path = Source;
			sourceTree = "<group>";
		};
		D1BC33F525D5950E0068A57A /* Resources */ = {
			isa = PBXGroup;
			children = (
				D1BC33E225D594DE0068A57A /* Info.plist */,
			);
			path = Resources;
			sourceTree = "<group>";
		};
		D1BC33F925D595CD0068A57A /* ViewModels */ = {
			isa = PBXGroup;
			children = (
				D17FC9F025D82AC7002A5501 /* SettingsViewModelTests.swift */,
				D17FC9F525D82B9C002A5501 /* SettingsRowViewModelTests.swift */,
				D17DA9F925DAE35C00ED4A8C /* TasksViewModelTests.swift */,
				D1542BAD25DD8997005FD7C7 /* TaskRowViewModelTests.swift */,
			);
			path = ViewModels;
			sourceTree = "<group>";
		};
		D1D74EF725C96E5A00E8EC77 /* Utilities */ = {
			isa = PBXGroup;
			children = (
				D1D74EF325C96DA400E8EC77 /* Layout.swift */,
				D1BC346525D5A11E0068A57A /* Closure.swift */,
			);
			path = Utilities;
			sourceTree = "<group>";
		};
/* End PBXGroup section */

/* Begin PBXNativeTarget section */
		D1529C3825C70457003FC9D6 /* TaskIt */ = {
			isa = PBXNativeTarget;
			buildConfigurationList = D1529C4825C70460003FC9D6 /* Build configuration list for PBXNativeTarget "TaskIt" */;
			buildPhases = (
				D1529C3525C70457003FC9D6 /* Sources */,
				D1529C3625C70457003FC9D6 /* Frameworks */,
				D1529C3725C70457003FC9D6 /* Resources */,
				D14E11AB25D3004D00FC27E3 /* Embed Frameworks */,
			);
			buildRules = (
			);
			dependencies = (
			);
			name = TaskIt;
			packageProductDependencies = (
			);
			productName = TaskIt;
			productReference = D1529C3925C70457003FC9D6 /* TaskIt.app */;
			productType = "com.apple.product-type.application";
		};
		D1BC33DD25D594DE0068A57A /* TaskItTests */ = {
			isa = PBXNativeTarget;
			buildConfigurationList = D1BC33E525D594DE0068A57A /* Build configuration list for PBXNativeTarget "TaskItTests" */;
			buildPhases = (
				D1BC33DA25D594DE0068A57A /* Sources */,
				D1BC33DB25D594DE0068A57A /* Frameworks */,
				D1BC33DC25D594DE0068A57A /* Resources */,
			);
			buildRules = (
			);
			dependencies = (
				D1BC33E425D594DE0068A57A /* PBXTargetDependency */,
			);
			name = TaskItTests;
			productName = TaskItTests;
			productReference = D1BC33DE25D594DE0068A57A /* TaskItTests.xctest */;
			productType = "com.apple.product-type.bundle.unit-test";
		};
/* End PBXNativeTarget section */

/* Begin PBXProject section */
		D1529C3125C70457003FC9D6 /* Project object */ = {
			isa = PBXProject;
			attributes = {
				LastSwiftUpdateCheck = 1240;
				LastUpgradeCheck = 1240;
				TargetAttributes = {
					D1529C3825C70457003FC9D6 = {
						CreatedOnToolsVersion = 12.4;
					};
					D1BC33DD25D594DE0068A57A = {
						CreatedOnToolsVersion = 12.4;
						TestTargetID = D1529C3825C70457003FC9D6;
					};
				};
			};
			buildConfigurationList = D1529C3425C70457003FC9D6 /* Build configuration list for PBXProject "TaskIt" */;
			compatibilityVersion = "Xcode 9.3";
			developmentRegion = en;
			hasScannedForEncodings = 0;
			knownRegions = (
				en,
				Base,
			);
			mainGroup = D1529C3025C70457003FC9D6;
			packageReferences = (
			);
			productRefGroup = D1529C3A25C70457003FC9D6 /* Products */;
			projectDirPath = "";
			projectRoot = "";
			targets = (
				D1529C3825C70457003FC9D6 /* TaskIt */,
				D1BC33DD25D594DE0068A57A /* TaskItTests */,
			);
		};
/* End PBXProject section */

/* Begin PBXResourcesBuildPhase section */
		D1529C3725C70457003FC9D6 /* Resources */ = {
			isa = PBXResourcesBuildPhase;
			buildActionMask = 2147483647;
			files = (
				D11E7D2F25E14D8800EED79E /* Nunito-SemiBold.ttf in Resources */,
				D1529C6F25C729D4003FC9D6 /* BeautifulPeople.ttf in Resources */,
				D11E7D3125E14D8800EED79E /* Nunito-Light.ttf in Resources */,
				D11E7D3025E14D8800EED79E /* Nunito-Regular.ttf in Resources */,
				D1529C5925C723C2003FC9D6 /* LaunchScreen.storyboard in Resources */,
				D1529C6A25C72886003FC9D6 /* Localizable.strings in Resources */,
				D11E7D2825E14B8C00EED79E /* Colors.xcassets in Resources */,
				D1529C4425C70460003FC9D6 /* Preview Assets.xcassets in Resources */,
				D1529C4125C70460003FC9D6 /* Assets.xcassets in Resources */,
			);
			runOnlyForDeploymentPostprocessing = 0;
		};
		D1BC33DC25D594DE0068A57A /* Resources */ = {
			isa = PBXResourcesBuildPhase;
			buildActionMask = 2147483647;
			files = (
			);
			runOnlyForDeploymentPostprocessing = 0;
		};
/* End PBXResourcesBuildPhase section */

/* Begin PBXSourcesBuildPhase section */
		D1529C3525C70457003FC9D6 /* Sources */ = {
			isa = PBXSourcesBuildPhase;
			buildActionMask = 2147483647;
			files = (
				D17DA9D225DABEA600ED4A8C /* TasksViewModelProtocol.swift in Sources */,
				D11E7D3425E14DDE00EED79E /* FontExtension.swift in Sources */,
				D17DAAB525DBFCEB00ED4A8C /* TaskRowViewModelProtocol.swift in Sources */,
				D11E7D1325E1095700EED79E /* ListExtension.swift in Sources */,
				D17DA9CD25DABE4600ED4A8C /* AddTaskViewModel.swift in Sources */,
				D1542BF125E026A5005FD7C7 /* StatusSegmentView.swift in Sources */,
				D17DAA9A25DBDF5300ED4A8C /* Persistence.swift in Sources */,
				D17DA9C125DABB9100ED4A8C /* AddTaskView.swift in Sources */,
				D17DA9EA25DAC53700ED4A8C /* FakeAddTaskViewModel.swift in Sources */,
				D1D74EF425C96DA400E8EC77 /* Layout.swift in Sources */,
				D17DAA9925DBDF5300ED4A8C /* Task.swift in Sources */,
				D1BC346625D5A11E0068A57A /* Closure.swift in Sources */,
				D1D74F0225C9753800E8EC77 /* FootnoteTextStyle.swift in Sources */,
				D1529C7525C72C76003FC9D6 /* ColorExtensions.swift in Sources */,
				D17FC9B325D81810002A5501 /* SubTitleStyle.swift in Sources */,
				D17DAAA125DBDF8400ED4A8C /* TaskIt.xcdatamodeld in Sources */,
				D17FC9E725D82863002A5501 /* SettingsRowViewModelProtocol.swift in Sources */,
				D1783EBD25C9C9F100D8EFC3 /* CalendarView.swift in Sources */,
				D17DA9E525DAC51700ED4A8C /* AddTaskViewModelProtocol.swift in Sources */,
				D1D74EFD25C9733700E8EC77 /* OutlinedButtonStyle.swift in Sources */,
				D17FCA5B25D98986002A5501 /* TasksViewModel.swift in Sources */,
				D17DAAA525DBE04900ED4A8C /* StringExtension.swift in Sources */,
				D17DAAAD25DBF2A100ED4A8C /* Priority.swift in Sources */,
				D1542BE925DFE9C5005FD7C7 /* SimpleTextFieldStyle.swift in Sources */,
				D17FC9FB25D82E28002A5501 /* FooterStyle.swift in Sources */,
				D17FC9D925D8235F002A5501 /* SettingsRowViewModel.swift in Sources */,
				D17DAABB25DBFD3300ED4A8C /* TaskRowViewModel.swift in Sources */,
				D17DAAD425DC279D00ED4A8C /* PrioritySegmentView.swift in Sources */,
				D17DAAB225DBFC9E00ED4A8C /* TaskRowView.swift in Sources */,
				D17DA9D725DABECB00ED4A8C /* FakeTaskViewModel.swift in Sources */,
				D17FC9A925D817BE002A5501 /* SettingsRowView.swift in Sources */,
				D11E7D1A25E1433F00EED79E /* ViewExtension.swift in Sources */,
				D17FC99925D8108B002A5501 /* FakeSettingsViewModel.swift in Sources */,
				D11E7D4A25E16F9D00EED79E /* SegmentPicker.swift in Sources */,
				D17FC9AE25D817F4002A5501 /* ImageExtension.swift in Sources */,
				D1529C3D25C70457003FC9D6 /* TaskItApp.swift in Sources */,
				D1783EBA25C9C9E500D8EFC3 /* TasksView.swift in Sources */,
				D17FC99E25D81450002A5501 /* SettingsItemExtension.swift in Sources */,
				D17FC98F25D8106F002A5501 /* SettingsViewModel.swift in Sources */,
				D17FC9EC25D828F6002A5501 /* FakeSettingsRowViewModel.swift in Sources */,
				D11E7D3F25E15A2200EED79E /* TaskView.swift in Sources */,
				D17FC99425D8107C002A5501 /* SettingsViewModelProtocol.swift in Sources */,
				D13A6E3225C73586003A6759 /* FilledButtonStyle.swift in Sources */,
				D11E7D4225E15B1600EED79E /* UIScreenExtension.swift in Sources */,
				D17DAAB825DBFD0F00ED4A8C /* FakeTaskRowViewModel.swift in Sources */,
				D1BC33C225D455F50068A57A /* Constants.swift in Sources */,
				D17DAAA925DBF10300ED4A8C /* Status.swift in Sources */,
				D1BC348925D5A92A0068A57A /* SettingsView.swift in Sources */,
				D17FC9D125D81EBB002A5501 /* UIApplicationExtension.swift in Sources */,
				D17FC9A325D815EE002A5501 /* BundleExtension.swift in Sources */,
			);
			runOnlyForDeploymentPostprocessing = 0;
		};
		D1BC33DA25D594DE0068A57A /* Sources */ = {
			isa = PBXSourcesBuildPhase;
			buildActionMask = 2147483647;
			files = (
				D17FC9F625D82B9C002A5501 /* SettingsRowViewModelTests.swift in Sources */,
				D17FC9F125D82AC7002A5501 /* SettingsViewModelTests.swift in Sources */,
				D1542BAE25DD8997005FD7C7 /* TaskRowViewModelTests.swift in Sources */,
				D17DA9FA25DAE35C00ED4A8C /* TasksViewModelTests.swift in Sources */,
				D1542BBA25DD8D49005FD7C7 /* MockNSManagedObjectContext.swift in Sources */,
				D1542BB525DD8A74005FD7C7 /* MockTask.swift in Sources */,
			);
			runOnlyForDeploymentPostprocessing = 0;
		};
/* End PBXSourcesBuildPhase section */

/* Begin PBXTargetDependency section */
		D1BC33E425D594DE0068A57A /* PBXTargetDependency */ = {
			isa = PBXTargetDependency;
			target = D1529C3825C70457003FC9D6 /* TaskIt */;
			targetProxy = D1BC33E325D594DE0068A57A /* PBXContainerItemProxy */;
		};
/* End PBXTargetDependency section */

/* Begin XCBuildConfiguration section */
		D1529C4625C70460003FC9D6 /* Debug */ = {
			isa = XCBuildConfiguration;
			buildSettings = {
				ALWAYS_SEARCH_USER_PATHS = NO;
				CLANG_ANALYZER_NONNULL = YES;
				CLANG_ANALYZER_NUMBER_OBJECT_CONVERSION = YES_AGGRESSIVE;
				CLANG_CXX_LANGUAGE_STANDARD = "gnu++14";
				CLANG_CXX_LIBRARY = "libc++";
				CLANG_ENABLE_MODULES = YES;
				CLANG_ENABLE_OBJC_ARC = YES;
				CLANG_ENABLE_OBJC_WEAK = YES;
				CLANG_WARN_BLOCK_CAPTURE_AUTORELEASING = YES;
				CLANG_WARN_BOOL_CONVERSION = YES;
				CLANG_WARN_COMMA = YES;
				CLANG_WARN_CONSTANT_CONVERSION = YES;
				CLANG_WARN_DEPRECATED_OBJC_IMPLEMENTATIONS = YES;
				CLANG_WARN_DIRECT_OBJC_ISA_USAGE = YES_ERROR;
				CLANG_WARN_DOCUMENTATION_COMMENTS = YES;
				CLANG_WARN_EMPTY_BODY = YES;
				CLANG_WARN_ENUM_CONVERSION = YES;
				CLANG_WARN_INFINITE_RECURSION = YES;
				CLANG_WARN_INT_CONVERSION = YES;
				CLANG_WARN_NON_LITERAL_NULL_CONVERSION = YES;
				CLANG_WARN_OBJC_IMPLICIT_RETAIN_SELF = YES;
				CLANG_WARN_OBJC_LITERAL_CONVERSION = YES;
				CLANG_WARN_OBJC_ROOT_CLASS = YES_ERROR;
				CLANG_WARN_QUOTED_INCLUDE_IN_FRAMEWORK_HEADER = YES;
				CLANG_WARN_RANGE_LOOP_ANALYSIS = YES;
				CLANG_WARN_STRICT_PROTOTYPES = YES;
				CLANG_WARN_SUSPICIOUS_MOVE = YES;
				CLANG_WARN_UNGUARDED_AVAILABILITY = YES_AGGRESSIVE;
				CLANG_WARN_UNREACHABLE_CODE = YES;
				CLANG_WARN__DUPLICATE_METHOD_MATCH = YES;
				COPY_PHASE_STRIP = NO;
				DEBUG_INFORMATION_FORMAT = dwarf;
				ENABLE_STRICT_OBJC_MSGSEND = YES;
				ENABLE_TESTABILITY = YES;
				GCC_C_LANGUAGE_STANDARD = gnu11;
				GCC_DYNAMIC_NO_PIC = NO;
				GCC_NO_COMMON_BLOCKS = YES;
				GCC_OPTIMIZATION_LEVEL = 0;
				GCC_PREPROCESSOR_DEFINITIONS = (
					"DEBUG=1",
					"$(inherited)",
				);
				GCC_WARN_64_TO_32_BIT_CONVERSION = YES;
				GCC_WARN_ABOUT_RETURN_TYPE = YES_ERROR;
				GCC_WARN_UNDECLARED_SELECTOR = YES;
				GCC_WARN_UNINITIALIZED_AUTOS = YES_AGGRESSIVE;
				GCC_WARN_UNUSED_FUNCTION = YES;
				GCC_WARN_UNUSED_VARIABLE = YES;
				IPHONEOS_DEPLOYMENT_TARGET = 14.4;
				MTL_ENABLE_DEBUG_INFO = INCLUDE_SOURCE;
				MTL_FAST_MATH = YES;
				ONLY_ACTIVE_ARCH = YES;
				SDKROOT = iphoneos;
				SWIFT_ACTIVE_COMPILATION_CONDITIONS = DEBUG;
				SWIFT_OPTIMIZATION_LEVEL = "-Onone";
			};
			name = Debug;
		};
		D1529C4725C70460003FC9D6 /* Release */ = {
			isa = XCBuildConfiguration;
			buildSettings = {
				ALWAYS_SEARCH_USER_PATHS = NO;
				CLANG_ANALYZER_NONNULL = YES;
				CLANG_ANALYZER_NUMBER_OBJECT_CONVERSION = YES_AGGRESSIVE;
				CLANG_CXX_LANGUAGE_STANDARD = "gnu++14";
				CLANG_CXX_LIBRARY = "libc++";
				CLANG_ENABLE_MODULES = YES;
				CLANG_ENABLE_OBJC_ARC = YES;
				CLANG_ENABLE_OBJC_WEAK = YES;
				CLANG_WARN_BLOCK_CAPTURE_AUTORELEASING = YES;
				CLANG_WARN_BOOL_CONVERSION = YES;
				CLANG_WARN_COMMA = YES;
				CLANG_WARN_CONSTANT_CONVERSION = YES;
				CLANG_WARN_DEPRECATED_OBJC_IMPLEMENTATIONS = YES;
				CLANG_WARN_DIRECT_OBJC_ISA_USAGE = YES_ERROR;
				CLANG_WARN_DOCUMENTATION_COMMENTS = YES;
				CLANG_WARN_EMPTY_BODY = YES;
				CLANG_WARN_ENUM_CONVERSION = YES;
				CLANG_WARN_INFINITE_RECURSION = YES;
				CLANG_WARN_INT_CONVERSION = YES;
				CLANG_WARN_NON_LITERAL_NULL_CONVERSION = YES;
				CLANG_WARN_OBJC_IMPLICIT_RETAIN_SELF = YES;
				CLANG_WARN_OBJC_LITERAL_CONVERSION = YES;
				CLANG_WARN_OBJC_ROOT_CLASS = YES_ERROR;
				CLANG_WARN_QUOTED_INCLUDE_IN_FRAMEWORK_HEADER = YES;
				CLANG_WARN_RANGE_LOOP_ANALYSIS = YES;
				CLANG_WARN_STRICT_PROTOTYPES = YES;
				CLANG_WARN_SUSPICIOUS_MOVE = YES;
				CLANG_WARN_UNGUARDED_AVAILABILITY = YES_AGGRESSIVE;
				CLANG_WARN_UNREACHABLE_CODE = YES;
				CLANG_WARN__DUPLICATE_METHOD_MATCH = YES;
				COPY_PHASE_STRIP = NO;
				DEBUG_INFORMATION_FORMAT = "dwarf-with-dsym";
				ENABLE_NS_ASSERTIONS = NO;
				ENABLE_STRICT_OBJC_MSGSEND = YES;
				GCC_C_LANGUAGE_STANDARD = gnu11;
				GCC_NO_COMMON_BLOCKS = YES;
				GCC_WARN_64_TO_32_BIT_CONVERSION = YES;
				GCC_WARN_ABOUT_RETURN_TYPE = YES_ERROR;
				GCC_WARN_UNDECLARED_SELECTOR = YES;
				GCC_WARN_UNINITIALIZED_AUTOS = YES_AGGRESSIVE;
				GCC_WARN_UNUSED_FUNCTION = YES;
				GCC_WARN_UNUSED_VARIABLE = YES;
				IPHONEOS_DEPLOYMENT_TARGET = 14.4;
				MTL_ENABLE_DEBUG_INFO = NO;
				MTL_FAST_MATH = YES;
				SDKROOT = iphoneos;
				SWIFT_COMPILATION_MODE = wholemodule;
				SWIFT_OPTIMIZATION_LEVEL = "-O";
				VALIDATE_PRODUCT = YES;
			};
			name = Release;
		};
		D1529C4925C70460003FC9D6 /* Debug */ = {
			isa = XCBuildConfiguration;
			buildSettings = {
				ASSETCATALOG_COMPILER_APPICON_NAME = AppIcon;
				ASSETCATALOG_COMPILER_GLOBAL_ACCENT_COLOR_NAME = AccentColor;
				CODE_SIGN_ENTITLEMENTS = TaskIt/Resources/TaskIt.entitlements;
				CODE_SIGN_STYLE = Automatic;
				DEVELOPMENT_ASSET_PATHS = "\"TaskIt/Preview Content\"";
				DEVELOPMENT_TEAM = NPHFRGDN5J;
				"ENABLE_HARDENED_RUNTIME[sdk=macosx*]" = NO;
				ENABLE_PREVIEWS = YES;
				INFOPLIST_FILE = TaskIt/Resources/Info.plist;
				IPHONEOS_DEPLOYMENT_TARGET = 14.1;
				LD_RUNPATH_SEARCH_PATHS = (
					"$(inherited)",
					"@executable_path/Frameworks",
				);
				MARKETING_VERSION = 1.0.0;
				PRODUCT_BUNDLE_IDENTIFIER = com.kyledold.TaskIt;
				PRODUCT_NAME = "$(TARGET_NAME)";
				SUPPORTS_MACCATALYST = YES;
				SUPPORTS_MAC_DESIGNED_FOR_IPHONE_IPAD = NO;
				SWIFT_VERSION = 5.0;
				TARGETED_DEVICE_FAMILY = "1,2";
			};
			name = Debug;
		};
		D1529C4A25C70460003FC9D6 /* Release */ = {
			isa = XCBuildConfiguration;
			buildSettings = {
				ASSETCATALOG_COMPILER_APPICON_NAME = AppIcon;
				ASSETCATALOG_COMPILER_GLOBAL_ACCENT_COLOR_NAME = AccentColor;
				CODE_SIGN_ENTITLEMENTS = TaskIt/Resources/TaskIt.entitlements;
				CODE_SIGN_STYLE = Automatic;
				DEVELOPMENT_ASSET_PATHS = "\"TaskIt/Preview Content\"";
				DEVELOPMENT_TEAM = NPHFRGDN5J;
				"ENABLE_HARDENED_RUNTIME[sdk=macosx*]" = NO;
				ENABLE_PREVIEWS = YES;
				INFOPLIST_FILE = TaskIt/Resources/Info.plist;
				IPHONEOS_DEPLOYMENT_TARGET = 14.1;
				LD_RUNPATH_SEARCH_PATHS = (
					"$(inherited)",
					"@executable_path/Frameworks",
				);
				MARKETING_VERSION = 1.0.0;
				PRODUCT_BUNDLE_IDENTIFIER = com.kyledold.TaskIt;
				PRODUCT_NAME = "$(TARGET_NAME)";
				SUPPORTS_MACCATALYST = YES;
				SUPPORTS_MAC_DESIGNED_FOR_IPHONE_IPAD = NO;
				SWIFT_VERSION = 5.0;
				TARGETED_DEVICE_FAMILY = "1,2";
			};
			name = Release;
		};
		D1BC33E625D594DE0068A57A /* Debug */ = {
			isa = XCBuildConfiguration;
			buildSettings = {
				BUNDLE_LOADER = "$(TEST_HOST)";
				CODE_SIGN_STYLE = Automatic;
				DEVELOPMENT_TEAM = NPHFRGDN5J;
				INFOPLIST_FILE = TaskItTests/Resources/Info.plist;
				LD_RUNPATH_SEARCH_PATHS = (
					"$(inherited)",
					"@executable_path/Frameworks",
					"@loader_path/Frameworks",
				);
				PRODUCT_BUNDLE_IDENTIFIER = com.kyledold.TaskItTests;
				PRODUCT_NAME = "$(TARGET_NAME)";
				SWIFT_VERSION = 5.0;
				TARGETED_DEVICE_FAMILY = "1,2";
				TEST_HOST = "$(BUILT_PRODUCTS_DIR)/TaskIt.app/TaskIt";
			};
			name = Debug;
		};
		D1BC33E725D594DE0068A57A /* Release */ = {
			isa = XCBuildConfiguration;
			buildSettings = {
				BUNDLE_LOADER = "$(TEST_HOST)";
				CODE_SIGN_STYLE = Automatic;
				DEVELOPMENT_TEAM = NPHFRGDN5J;
				INFOPLIST_FILE = TaskItTests/Resources/Info.plist;
				LD_RUNPATH_SEARCH_PATHS = (
					"$(inherited)",
					"@executable_path/Frameworks",
					"@loader_path/Frameworks",
				);
				PRODUCT_BUNDLE_IDENTIFIER = com.kyledold.TaskItTests;
				PRODUCT_NAME = "$(TARGET_NAME)";
				SWIFT_VERSION = 5.0;
				TARGETED_DEVICE_FAMILY = "1,2";
				TEST_HOST = "$(BUILT_PRODUCTS_DIR)/TaskIt.app/TaskIt";
			};
			name = Release;
		};
/* End XCBuildConfiguration section */

/* Begin XCConfigurationList section */
		D1529C3425C70457003FC9D6 /* Build configuration list for PBXProject "TaskIt" */ = {
			isa = XCConfigurationList;
			buildConfigurations = (
				D1529C4625C70460003FC9D6 /* Debug */,
				D1529C4725C70460003FC9D6 /* Release */,
			);
			defaultConfigurationIsVisible = 0;
			defaultConfigurationName = Release;
		};
		D1529C4825C70460003FC9D6 /* Build configuration list for PBXNativeTarget "TaskIt" */ = {
			isa = XCConfigurationList;
			buildConfigurations = (
				D1529C4925C70460003FC9D6 /* Debug */,
				D1529C4A25C70460003FC9D6 /* Release */,
			);
			defaultConfigurationIsVisible = 0;
			defaultConfigurationName = Release;
		};
		D1BC33E525D594DE0068A57A /* Build configuration list for PBXNativeTarget "TaskItTests" */ = {
			isa = XCConfigurationList;
			buildConfigurations = (
				D1BC33E625D594DE0068A57A /* Debug */,
				D1BC33E725D594DE0068A57A /* Release */,
			);
			defaultConfigurationIsVisible = 0;
			defaultConfigurationName = Release;
		};
/* End XCConfigurationList section */

/* Begin XCVersionGroup section */
		D17DAA4E25DB039000ED4A8C /* TaskIt.xcdatamodeld */ = {
			isa = XCVersionGroup;
			children = (
				D17DAA4F25DB039000ED4A8C /* TaskIt.xcdatamodel */,
			);
			currentVersion = D17DAA4F25DB039000ED4A8C /* TaskIt.xcdatamodel */;
			path = TaskIt.xcdatamodeld;
			sourceTree = "<group>";
			versionGroupType = wrapper.xcdatamodel;
		};
/* End XCVersionGroup section */
	};
	rootObject = D1529C3125C70457003FC9D6 /* Project object */;
}
