// !$*UTF8*$!
{
	archiveVersion = 1;
	classes = {
	};
	objectVersion = 52;
	objects = {

/* Begin PBXBuildFile section */
		D11E733125E53781006FD6CB /* DateExtension.swift in Sources */ = {isa = PBXBuildFile; fileRef = D11E733025E53781006FD6CB /* DateExtension.swift */; };
		D11E734725E571BA006FD6CB /* ToastMessage.swift in Sources */ = {isa = PBXBuildFile; fileRef = D11E734625E571BA006FD6CB /* ToastMessage.swift */; };
		D11E734A25E571FF006FD6CB /* ToastView.swift in Sources */ = {isa = PBXBuildFile; fileRef = D11E734925E571FF006FD6CB /* ToastView.swift */; };
		D11E734F25E6BC59006FD6CB /* NotificationExtension.swift in Sources */ = {isa = PBXBuildFile; fileRef = D11E734E25E6BC59006FD6CB /* NotificationExtension.swift */; };
		D11E7D1325E1095700EED79E /* ListExtension.swift in Sources */ = {isa = PBXBuildFile; fileRef = D11E7D1225E1095700EED79E /* ListExtension.swift */; };
		D11E7D1A25E1433F00EED79E /* ViewExtension.swift in Sources */ = {isa = PBXBuildFile; fileRef = D11E7D1925E1433F00EED79E /* ViewExtension.swift */; };
		D11E7D2825E14B8C00EED79E /* Colors.xcassets in Resources */ = {isa = PBXBuildFile; fileRef = D11E7D2725E14B8C00EED79E /* Colors.xcassets */; };
		D11E7D3025E14D8800EED79E /* Nunito-Regular.ttf in Resources */ = {isa = PBXBuildFile; fileRef = D11E7D2D25E14D8800EED79E /* Nunito-Regular.ttf */; };
		D11E7D3425E14DDE00EED79E /* FontExtension.swift in Sources */ = {isa = PBXBuildFile; fileRef = D11E7D3325E14DDE00EED79E /* FontExtension.swift */; };
		D11E7D4225E15B1600EED79E /* UIScreenExtension.swift in Sources */ = {isa = PBXBuildFile; fileRef = D11E7D4125E15B1600EED79E /* UIScreenExtension.swift */; };
		D1297F3925F5038400A3D20B /* CalendarViewModelProtocol.swift in Sources */ = {isa = PBXBuildFile; fileRef = D1297F3825F5038400A3D20B /* CalendarViewModelProtocol.swift */; };
		D1297F3C25F5038F00A3D20B /* CalendarViewModel.swift in Sources */ = {isa = PBXBuildFile; fileRef = D1297F3B25F5038F00A3D20B /* CalendarViewModel.swift */; };
		D1297F3F25F5039D00A3D20B /* FakeCalendarViewModel.swift in Sources */ = {isa = PBXBuildFile; fileRef = D1297F3E25F5039D00A3D20B /* FakeCalendarViewModel.swift */; };
		D131DF9B25E276770039D7E7 /* ButtonFooterView.swift in Sources */ = {isa = PBXBuildFile; fileRef = D131DF9A25E276770039D7E7 /* ButtonFooterView.swift */; };
		D131DFA125E277980039D7E7 /* FooterStyle.swift in Sources */ = {isa = PBXBuildFile; fileRef = D131DFA025E277980039D7E7 /* FooterStyle.swift */; };
		D1529C3D25C70457003FC9D6 /* TaskItApp.swift in Sources */ = {isa = PBXBuildFile; fileRef = D1529C3C25C70457003FC9D6 /* TaskItApp.swift */; };
		D1529C4125C70460003FC9D6 /* Assets.xcassets in Resources */ = {isa = PBXBuildFile; fileRef = D1529C4025C70460003FC9D6 /* Assets.xcassets */; };
		D1529C4425C70460003FC9D6 /* Preview Assets.xcassets in Resources */ = {isa = PBXBuildFile; fileRef = D1529C4325C70460003FC9D6 /* Preview Assets.xcassets */; };
		D1529C5925C723C2003FC9D6 /* LaunchScreen.storyboard in Resources */ = {isa = PBXBuildFile; fileRef = D1529C5825C723C2003FC9D6 /* LaunchScreen.storyboard */; };
		D1529C6A25C72886003FC9D6 /* Localizable.strings in Resources */ = {isa = PBXBuildFile; fileRef = D1529C6925C72886003FC9D6 /* Localizable.strings */; };
		D1529C7525C72C76003FC9D6 /* ColorExtensions.swift in Sources */ = {isa = PBXBuildFile; fileRef = D1529C7425C72C76003FC9D6 /* ColorExtensions.swift */; };
		D1542BAE25DD8997005FD7C7 /* TaskRowViewModelTests.swift in Sources */ = {isa = PBXBuildFile; fileRef = D1542BAD25DD8997005FD7C7 /* TaskRowViewModelTests.swift */; };
		D1542BB525DD8A74005FD7C7 /* MockTask.swift in Sources */ = {isa = PBXBuildFile; fileRef = D1542BB425DD8A74005FD7C7 /* MockTask.swift */; };
		D1542BBA25DD8D49005FD7C7 /* MockNSManagedObjectContext.swift in Sources */ = {isa = PBXBuildFile; fileRef = D1542BB925DD8D49005FD7C7 /* MockNSManagedObjectContext.swift */; };
		D1542BE925DFE9C5005FD7C7 /* SimpleTextFieldStyle.swift in Sources */ = {isa = PBXBuildFile; fileRef = D1542BE825DFE9C5005FD7C7 /* SimpleTextFieldStyle.swift */; };
		D15D7BE625E9664000C380FA /* Nunito-Bold.ttf in Resources */ = {isa = PBXBuildFile; fileRef = D15D7BE525E9664000C380FA /* Nunito-Bold.ttf */; };
		D15D7BE925E966AC00C380FA /* Nunito-SemiBold.ttf in Resources */ = {isa = PBXBuildFile; fileRef = D15D7BE825E966AC00C380FA /* Nunito-SemiBold.ttf */; };
		D1783EBA25C9C9E500D8EFC3 /* TasksListView.swift in Sources */ = {isa = PBXBuildFile; fileRef = D1783EB925C9C9E500D8EFC3 /* TasksListView.swift */; };
		D1783EBD25C9C9F100D8EFC3 /* CalendarView.swift in Sources */ = {isa = PBXBuildFile; fileRef = D1783EBC25C9C9F100D8EFC3 /* CalendarView.swift */; };
		D17DA9C125DABB9100ED4A8C /* TaskDetailsView.swift in Sources */ = {isa = PBXBuildFile; fileRef = D17DA9C025DABB9100ED4A8C /* TaskDetailsView.swift */; };
		D17DA9CD25DABE4600ED4A8C /* TaskDetailsViewModel.swift in Sources */ = {isa = PBXBuildFile; fileRef = D17DA9CC25DABE4600ED4A8C /* TaskDetailsViewModel.swift */; };
		D17DA9D225DABEA600ED4A8C /* TasksListViewModelProtocol.swift in Sources */ = {isa = PBXBuildFile; fileRef = D17DA9D125DABEA600ED4A8C /* TasksListViewModelProtocol.swift */; };
		D17DA9D725DABECB00ED4A8C /* FakeTasksListViewModel.swift in Sources */ = {isa = PBXBuildFile; fileRef = D17DA9D625DABECB00ED4A8C /* FakeTasksListViewModel.swift */; };
		D17DA9E525DAC51700ED4A8C /* TaskDetailsViewModelProtocol.swift in Sources */ = {isa = PBXBuildFile; fileRef = D17DA9E425DAC51700ED4A8C /* TaskDetailsViewModelProtocol.swift */; };
		D17DA9EA25DAC53700ED4A8C /* FakeTaskDetailsViewModel.swift in Sources */ = {isa = PBXBuildFile; fileRef = D17DA9E925DAC53700ED4A8C /* FakeTaskDetailsViewModel.swift */; };
		D17DA9FA25DAE35C00ED4A8C /* TasksListViewModelTests.swift in Sources */ = {isa = PBXBuildFile; fileRef = D17DA9F925DAE35C00ED4A8C /* TasksListViewModelTests.swift */; };
		D17DAA9925DBDF5300ED4A8C /* Task.swift in Sources */ = {isa = PBXBuildFile; fileRef = D17DA9FF25DAE50300ED4A8C /* Task.swift */; };
		D17DAA9A25DBDF5300ED4A8C /* Persistence.swift in Sources */ = {isa = PBXBuildFile; fileRef = D187C07025DA6B4D00A5B09A /* Persistence.swift */; };
		D17DAAA125DBDF8400ED4A8C /* TaskIt.xcdatamodeld in Sources */ = {isa = PBXBuildFile; fileRef = D17DAA4E25DB039000ED4A8C /* TaskIt.xcdatamodeld */; };
		D17DAAA525DBE04900ED4A8C /* StringExtension.swift in Sources */ = {isa = PBXBuildFile; fileRef = D17DAAA425DBE04900ED4A8C /* StringExtension.swift */; };
		D17DAAA925DBF10300ED4A8C /* Status.swift in Sources */ = {isa = PBXBuildFile; fileRef = D17DAAA825DBF10300ED4A8C /* Status.swift */; };
		D17DAAB225DBFC9E00ED4A8C /* TaskRowView.swift in Sources */ = {isa = PBXBuildFile; fileRef = D17DAAB125DBFC9E00ED4A8C /* TaskRowView.swift */; };
		D17DAAB525DBFCEB00ED4A8C /* TaskRowViewModelProtocol.swift in Sources */ = {isa = PBXBuildFile; fileRef = D17DAAB425DBFCEB00ED4A8C /* TaskRowViewModelProtocol.swift */; };
		D17DAAB825DBFD0F00ED4A8C /* FakeTaskRowViewModel.swift in Sources */ = {isa = PBXBuildFile; fileRef = D17DAAB725DBFD0F00ED4A8C /* FakeTaskRowViewModel.swift */; };
		D17DAABB25DBFD3300ED4A8C /* TaskRowViewModel.swift in Sources */ = {isa = PBXBuildFile; fileRef = D17DAABA25DBFD3300ED4A8C /* TaskRowViewModel.swift */; };
		D17FC98625D6E814002A5501 /* CloudKit.framework in Frameworks */ = {isa = PBXBuildFile; fileRef = D14E118925D2FCDD00FC27E3 /* CloudKit.framework */; };
		D17FC98F25D8106F002A5501 /* SettingsViewModel.swift in Sources */ = {isa = PBXBuildFile; fileRef = D17FC98E25D8106F002A5501 /* SettingsViewModel.swift */; };
		D17FC99425D8107C002A5501 /* SettingsViewModelProtocol.swift in Sources */ = {isa = PBXBuildFile; fileRef = D17FC99325D8107C002A5501 /* SettingsViewModelProtocol.swift */; };
		D17FC99925D8108B002A5501 /* FakeSettingsViewModel.swift in Sources */ = {isa = PBXBuildFile; fileRef = D17FC99825D8108B002A5501 /* FakeSettingsViewModel.swift */; };
		D17FC99E25D81450002A5501 /* SettingsItemExtension.swift in Sources */ = {isa = PBXBuildFile; fileRef = D17FC99D25D81450002A5501 /* SettingsItemExtension.swift */; };
		D17FC9A325D815EE002A5501 /* BundleExtension.swift in Sources */ = {isa = PBXBuildFile; fileRef = D17FC9A225D815EE002A5501 /* BundleExtension.swift */; };
		D17FC9A925D817BE002A5501 /* SettingsRowView.swift in Sources */ = {isa = PBXBuildFile; fileRef = D17FC9A825D817BE002A5501 /* SettingsRowView.swift */; };
		D17FC9AE25D817F4002A5501 /* ImageExtension.swift in Sources */ = {isa = PBXBuildFile; fileRef = D17FC9AD25D817F4002A5501 /* ImageExtension.swift */; };
		D17FC9B325D81810002A5501 /* SubTitleStyle.swift in Sources */ = {isa = PBXBuildFile; fileRef = D17FC9B225D81810002A5501 /* SubTitleStyle.swift */; };
		D17FC9D125D81EBB002A5501 /* UIApplicationExtension.swift in Sources */ = {isa = PBXBuildFile; fileRef = D17FC9D025D81EBB002A5501 /* UIApplicationExtension.swift */; };
		D17FC9D925D8235F002A5501 /* SettingsRowViewModel.swift in Sources */ = {isa = PBXBuildFile; fileRef = D17FC9D825D8235F002A5501 /* SettingsRowViewModel.swift */; };
		D17FC9E725D82863002A5501 /* SettingsRowViewModelProtocol.swift in Sources */ = {isa = PBXBuildFile; fileRef = D17FC9E625D82863002A5501 /* SettingsRowViewModelProtocol.swift */; };
		D17FC9EC25D828F6002A5501 /* FakeSettingsRowViewModel.swift in Sources */ = {isa = PBXBuildFile; fileRef = D17FC9EB25D828F6002A5501 /* FakeSettingsRowViewModel.swift */; };
		D17FC9F125D82AC7002A5501 /* SettingsViewModelTests.swift in Sources */ = {isa = PBXBuildFile; fileRef = D17FC9F025D82AC7002A5501 /* SettingsViewModelTests.swift */; };
		D17FC9F625D82B9C002A5501 /* SettingsRowViewModelTests.swift in Sources */ = {isa = PBXBuildFile; fileRef = D17FC9F525D82B9C002A5501 /* SettingsRowViewModelTests.swift */; };
		D17FCA5B25D98986002A5501 /* TasksListViewModel.swift in Sources */ = {isa = PBXBuildFile; fileRef = D17FCA5A25D98986002A5501 /* TasksListViewModel.swift */; };
		D1BC33C225D455F50068A57A /* Constants.swift in Sources */ = {isa = PBXBuildFile; fileRef = D1BC33C125D455F50068A57A /* Constants.swift */; };
		D1BC346625D5A11E0068A57A /* Closure.swift in Sources */ = {isa = PBXBuildFile; fileRef = D1BC346525D5A11E0068A57A /* Closure.swift */; };
		D1BC348925D5A92A0068A57A /* SettingsView.swift in Sources */ = {isa = PBXBuildFile; fileRef = D1BC348825D5A92A0068A57A /* SettingsView.swift */; };
		D1BD687425E96EAA002C4518 /* RoundedButtonStyle.swift in Sources */ = {isa = PBXBuildFile; fileRef = D1BD687325E96EAA002C4518 /* RoundedButtonStyle.swift */; };
		D1BD687825E970A9002C4518 /* FullWidthButtonStyle.swift in Sources */ = {isa = PBXBuildFile; fileRef = D1BD687725E970A9002C4518 /* FullWidthButtonStyle.swift */; };
		D1BD688625EA81F3002C4518 /* CheckboxToggleStyle.swift in Sources */ = {isa = PBXBuildFile; fileRef = D1BD688525EA81F3002C4518 /* CheckboxToggleStyle.swift */; };
		D1BD688C25EA8ECF002C4518 /* TextBox.swift in Sources */ = {isa = PBXBuildFile; fileRef = D1BD688B25EA8ECF002C4518 /* TextBox.swift */; };
		D1BD689125EB8E45002C4518 /* SubTask.swift in Sources */ = {isa = PBXBuildFile; fileRef = D1BD689025EB8E45002C4518 /* SubTask.swift */; };
		D1D74EF425C96DA400E8EC77 /* Layout.swift in Sources */ = {isa = PBXBuildFile; fileRef = D1D74EF325C96DA400E8EC77 /* Layout.swift */; };
		D1DCF68325EB9497006305E7 /* SubTaskRowView.swift in Sources */ = {isa = PBXBuildFile; fileRef = D1DCF68225EB9497006305E7 /* SubTaskRowView.swift */; };
		D1DCF68625EB9511006305E7 /* SubTaskRowViewModel.swift in Sources */ = {isa = PBXBuildFile; fileRef = D1DCF68525EB9511006305E7 /* SubTaskRowViewModel.swift */; };
		D1DCF68925EB9527006305E7 /* SubTaskRowViewModelProtocol.swift in Sources */ = {isa = PBXBuildFile; fileRef = D1DCF68825EB9527006305E7 /* SubTaskRowViewModelProtocol.swift */; };
		D1DCF68C25EB9600006305E7 /* FakeSubTaskRowViewModel.swift in Sources */ = {isa = PBXBuildFile; fileRef = D1DCF68B25EB9600006305E7 /* FakeSubTaskRowViewModel.swift */; };
		D1DCF69025EBD7EA006305E7 /* SubTaskListView.swift in Sources */ = {isa = PBXBuildFile; fileRef = D1DCF68F25EBD7EA006305E7 /* SubTaskListView.swift */; };
		D1DCF69425EBD8F3006305E7 /* SubTaskListViewModel.swift in Sources */ = {isa = PBXBuildFile; fileRef = D1DCF69325EBD8F3006305E7 /* SubTaskListViewModel.swift */; };
		D1DCF69725EBD908006305E7 /* SubTaskListViewModelProtocol.swift in Sources */ = {isa = PBXBuildFile; fileRef = D1DCF69625EBD908006305E7 /* SubTaskListViewModelProtocol.swift */; };
		D1DCF69B25EBD918006305E7 /* FakeSubTaskListViewModel.swift in Sources */ = {isa = PBXBuildFile; fileRef = D1DCF69A25EBD918006305E7 /* FakeSubTaskListViewModel.swift */; };
		D1E91F5A25F4EDA20036C1C4 /* SheetModifier.swift in Sources */ = {isa = PBXBuildFile; fileRef = D1E91F5925F4EDA20036C1C4 /* SheetModifier.swift */; };
		D1E91F5D25F4EE650036C1C4 /* TaskItCoordinator.swift in Sources */ = {isa = PBXBuildFile; fileRef = D1E91F5C25F4EE650036C1C4 /* TaskItCoordinator.swift */; };
		D1E91F6025F4EE700036C1C4 /* TaskItCoordinatorView.swift in Sources */ = {isa = PBXBuildFile; fileRef = D1E91F5F25F4EE700036C1C4 /* TaskItCoordinatorView.swift */; };
		D1F2065625F394F6001780E7 /* RoundedCorners.swift in Sources */ = {isa = PBXBuildFile; fileRef = D1F2065525F394F6001780E7 /* RoundedCorners.swift */; };
		D1F2065A25F39A4C001780E7 /* NewTaskView.swift in Sources */ = {isa = PBXBuildFile; fileRef = D1F2065925F39A4C001780E7 /* NewTaskView.swift */; };
		D1F2065E25F39DD6001780E7 /* NewTaskViewModel.swift in Sources */ = {isa = PBXBuildFile; fileRef = D1F2065D25F39DD6001780E7 /* NewTaskViewModel.swift */; };
		D1F2066225F39DF8001780E7 /* NewTaskViewModelProtocol.swift in Sources */ = {isa = PBXBuildFile; fileRef = D1F2066125F39DF8001780E7 /* NewTaskViewModelProtocol.swift */; };
		D1F2066525F39E09001780E7 /* FakeNewTaskViewModel.swift in Sources */ = {isa = PBXBuildFile; fileRef = D1F2066425F39E09001780E7 /* FakeNewTaskViewModel.swift */; };
		D1F2066A25F3A66B001780E7 /* ImageButtonStyle.swift in Sources */ = {isa = PBXBuildFile; fileRef = D1F2066925F3A66B001780E7 /* ImageButtonStyle.swift */; };
		D1FB562325F2926600F87AC4 /* Introspect in Frameworks */ = {isa = PBXBuildFile; productRef = D1FB562225F2926600F87AC4 /* Introspect */; };
		D1FED10A25E6D16A00686A45 /* ToastPresenter.swift in Sources */ = {isa = PBXBuildFile; fileRef = D1FED10925E6D16A00686A45 /* ToastPresenter.swift */; };
/* End PBXBuildFile section */

/* Begin PBXContainerItemProxy section */
		D1BC33E325D594DE0068A57A /* PBXContainerItemProxy */ = {
			isa = PBXContainerItemProxy;
			containerPortal = D1529C3125C70457003FC9D6 /* Project object */;
			proxyType = 1;
			remoteGlobalIDString = D1529C3825C70457003FC9D6;
			remoteInfo = TaskIt;
		};
/* End PBXContainerItemProxy section */

/* Begin PBXCopyFilesBuildPhase section */
		D14E11AB25D3004D00FC27E3 /* Embed Frameworks */ = {
			isa = PBXCopyFilesBuildPhase;
			buildActionMask = 2147483647;
			dstPath = "";
			dstSubfolderSpec = 10;
			files = (
			);
			name = "Embed Frameworks";
			runOnlyForDeploymentPostprocessing = 0;
		};
/* End PBXCopyFilesBuildPhase section */

/* Begin PBXFileReference section */
		D11E733025E53781006FD6CB /* DateExtension.swift */ = {isa = PBXFileReference; lastKnownFileType = sourcecode.swift; path = DateExtension.swift; sourceTree = "<group>"; };
		D11E734625E571BA006FD6CB /* ToastMessage.swift */ = {isa = PBXFileReference; lastKnownFileType = sourcecode.swift; path = ToastMessage.swift; sourceTree = "<group>"; };
		D11E734925E571FF006FD6CB /* ToastView.swift */ = {isa = PBXFileReference; lastKnownFileType = sourcecode.swift; path = ToastView.swift; sourceTree = "<group>"; };
		D11E734E25E6BC59006FD6CB /* NotificationExtension.swift */ = {isa = PBXFileReference; lastKnownFileType = sourcecode.swift; path = NotificationExtension.swift; sourceTree = "<group>"; };
		D11E7D1225E1095700EED79E /* ListExtension.swift */ = {isa = PBXFileReference; lastKnownFileType = sourcecode.swift; path = ListExtension.swift; sourceTree = "<group>"; };
		D11E7D1925E1433F00EED79E /* ViewExtension.swift */ = {isa = PBXFileReference; lastKnownFileType = sourcecode.swift; path = ViewExtension.swift; sourceTree = "<group>"; };
		D11E7D2725E14B8C00EED79E /* Colors.xcassets */ = {isa = PBXFileReference; lastKnownFileType = folder.assetcatalog; path = Colors.xcassets; sourceTree = "<group>"; };
		D11E7D2D25E14D8800EED79E /* Nunito-Regular.ttf */ = {isa = PBXFileReference; lastKnownFileType = file; path = "Nunito-Regular.ttf"; sourceTree = "<group>"; };
		D11E7D3325E14DDE00EED79E /* FontExtension.swift */ = {isa = PBXFileReference; lastKnownFileType = sourcecode.swift; path = FontExtension.swift; sourceTree = "<group>"; };
		D11E7D4125E15B1600EED79E /* UIScreenExtension.swift */ = {isa = PBXFileReference; lastKnownFileType = sourcecode.swift; path = UIScreenExtension.swift; sourceTree = "<group>"; };
		D1297F3825F5038400A3D20B /* CalendarViewModelProtocol.swift */ = {isa = PBXFileReference; lastKnownFileType = sourcecode.swift; path = CalendarViewModelProtocol.swift; sourceTree = "<group>"; };
		D1297F3B25F5038F00A3D20B /* CalendarViewModel.swift */ = {isa = PBXFileReference; lastKnownFileType = sourcecode.swift; path = CalendarViewModel.swift; sourceTree = "<group>"; };
		D1297F3E25F5039D00A3D20B /* FakeCalendarViewModel.swift */ = {isa = PBXFileReference; lastKnownFileType = sourcecode.swift; path = FakeCalendarViewModel.swift; sourceTree = "<group>"; };
		D131DF9A25E276770039D7E7 /* ButtonFooterView.swift */ = {isa = PBXFileReference; lastKnownFileType = sourcecode.swift; path = ButtonFooterView.swift; sourceTree = "<group>"; };
		D131DFA025E277980039D7E7 /* FooterStyle.swift */ = {isa = PBXFileReference; fileEncoding = 4; lastKnownFileType = sourcecode.swift; path = FooterStyle.swift; sourceTree = "<group>"; };
		D14E118925D2FCDD00FC27E3 /* CloudKit.framework */ = {isa = PBXFileReference; lastKnownFileType = wrapper.framework; name = CloudKit.framework; path = System/Library/Frameworks/CloudKit.framework; sourceTree = SDKROOT; };
		D1529C3925C70457003FC9D6 /* TaskIt.app */ = {isa = PBXFileReference; explicitFileType = wrapper.application; includeInIndex = 0; path = TaskIt.app; sourceTree = BUILT_PRODUCTS_DIR; };
		D1529C3C25C70457003FC9D6 /* TaskItApp.swift */ = {isa = PBXFileReference; lastKnownFileType = sourcecode.swift; path = TaskItApp.swift; sourceTree = "<group>"; };
		D1529C4025C70460003FC9D6 /* Assets.xcassets */ = {isa = PBXFileReference; lastKnownFileType = folder.assetcatalog; path = Assets.xcassets; sourceTree = "<group>"; };
		D1529C4325C70460003FC9D6 /* Preview Assets.xcassets */ = {isa = PBXFileReference; lastKnownFileType = folder.assetcatalog; path = "Preview Assets.xcassets"; sourceTree = "<group>"; };
		D1529C4525C70460003FC9D6 /* Info.plist */ = {isa = PBXFileReference; lastKnownFileType = text.plist.xml; path = Info.plist; sourceTree = "<group>"; };
		D1529C5825C723C2003FC9D6 /* LaunchScreen.storyboard */ = {isa = PBXFileReference; lastKnownFileType = file.storyboard; path = LaunchScreen.storyboard; sourceTree = "<group>"; };
		D1529C6925C72886003FC9D6 /* Localizable.strings */ = {isa = PBXFileReference; lastKnownFileType = text.plist.strings; path = Localizable.strings; sourceTree = "<group>"; };
		D1529C7425C72C76003FC9D6 /* ColorExtensions.swift */ = {isa = PBXFileReference; lastKnownFileType = sourcecode.swift; path = ColorExtensions.swift; sourceTree = "<group>"; };
		D1542BAD25DD8997005FD7C7 /* TaskRowViewModelTests.swift */ = {isa = PBXFileReference; lastKnownFileType = sourcecode.swift; path = TaskRowViewModelTests.swift; sourceTree = "<group>"; };
		D1542BB425DD8A74005FD7C7 /* MockTask.swift */ = {isa = PBXFileReference; lastKnownFileType = sourcecode.swift; path = MockTask.swift; sourceTree = "<group>"; };
		D1542BB925DD8D49005FD7C7 /* MockNSManagedObjectContext.swift */ = {isa = PBXFileReference; lastKnownFileType = sourcecode.swift; path = MockNSManagedObjectContext.swift; sourceTree = "<group>"; };
		D1542BE825DFE9C5005FD7C7 /* SimpleTextFieldStyle.swift */ = {isa = PBXFileReference; lastKnownFileType = sourcecode.swift; path = SimpleTextFieldStyle.swift; sourceTree = "<group>"; };
		D15D7BE525E9664000C380FA /* Nunito-Bold.ttf */ = {isa = PBXFileReference; lastKnownFileType = file; path = "Nunito-Bold.ttf"; sourceTree = "<group>"; };
		D15D7BE825E966AC00C380FA /* Nunito-SemiBold.ttf */ = {isa = PBXFileReference; lastKnownFileType = file; path = "Nunito-SemiBold.ttf"; sourceTree = "<group>"; };
		D1783EB925C9C9E500D8EFC3 /* TasksListView.swift */ = {isa = PBXFileReference; lastKnownFileType = sourcecode.swift; path = TasksListView.swift; sourceTree = "<group>"; };
		D1783EBC25C9C9F100D8EFC3 /* CalendarView.swift */ = {isa = PBXFileReference; lastKnownFileType = sourcecode.swift; name = CalendarView.swift; path = TaskIt/Source/Views/Calendar/CalendarView.swift; sourceTree = SOURCE_ROOT; };
		D17DA9C025DABB9100ED4A8C /* TaskDetailsView.swift */ = {isa = PBXFileReference; lastKnownFileType = sourcecode.swift; path = TaskDetailsView.swift; sourceTree = "<group>"; };
		D17DA9CC25DABE4600ED4A8C /* TaskDetailsViewModel.swift */ = {isa = PBXFileReference; lastKnownFileType = sourcecode.swift; path = TaskDetailsViewModel.swift; sourceTree = "<group>"; };
		D17DA9D125DABEA600ED4A8C /* TasksListViewModelProtocol.swift */ = {isa = PBXFileReference; lastKnownFileType = sourcecode.swift; path = TasksListViewModelProtocol.swift; sourceTree = "<group>"; };
		D17DA9D625DABECB00ED4A8C /* FakeTasksListViewModel.swift */ = {isa = PBXFileReference; lastKnownFileType = sourcecode.swift; path = FakeTasksListViewModel.swift; sourceTree = "<group>"; };
		D17DA9E425DAC51700ED4A8C /* TaskDetailsViewModelProtocol.swift */ = {isa = PBXFileReference; lastKnownFileType = sourcecode.swift; path = TaskDetailsViewModelProtocol.swift; sourceTree = "<group>"; };
		D17DA9E925DAC53700ED4A8C /* FakeTaskDetailsViewModel.swift */ = {isa = PBXFileReference; lastKnownFileType = sourcecode.swift; path = FakeTaskDetailsViewModel.swift; sourceTree = "<group>"; };
		D17DA9F925DAE35C00ED4A8C /* TasksListViewModelTests.swift */ = {isa = PBXFileReference; lastKnownFileType = sourcecode.swift; path = TasksListViewModelTests.swift; sourceTree = "<group>"; };
		D17DA9FF25DAE50300ED4A8C /* Task.swift */ = {isa = PBXFileReference; lastKnownFileType = sourcecode.swift; path = Task.swift; sourceTree = "<group>"; };
		D17DAA4F25DB039000ED4A8C /* TaskIt.xcdatamodel */ = {isa = PBXFileReference; lastKnownFileType = wrapper.xcdatamodel; path = TaskIt.xcdatamodel; sourceTree = "<group>"; };
		D17DAAA425DBE04900ED4A8C /* StringExtension.swift */ = {isa = PBXFileReference; lastKnownFileType = sourcecode.swift; path = StringExtension.swift; sourceTree = "<group>"; };
		D17DAAA825DBF10300ED4A8C /* Status.swift */ = {isa = PBXFileReference; lastKnownFileType = sourcecode.swift; path = Status.swift; sourceTree = "<group>"; };
		D17DAAB125DBFC9E00ED4A8C /* TaskRowView.swift */ = {isa = PBXFileReference; lastKnownFileType = sourcecode.swift; path = TaskRowView.swift; sourceTree = "<group>"; };
		D17DAAB425DBFCEB00ED4A8C /* TaskRowViewModelProtocol.swift */ = {isa = PBXFileReference; lastKnownFileType = sourcecode.swift; path = TaskRowViewModelProtocol.swift; sourceTree = "<group>"; };
		D17DAAB725DBFD0F00ED4A8C /* FakeTaskRowViewModel.swift */ = {isa = PBXFileReference; lastKnownFileType = sourcecode.swift; path = FakeTaskRowViewModel.swift; sourceTree = "<group>"; };
		D17DAABA25DBFD3300ED4A8C /* TaskRowViewModel.swift */ = {isa = PBXFileReference; lastKnownFileType = sourcecode.swift; path = TaskRowViewModel.swift; sourceTree = "<group>"; };
		D17FC98E25D8106F002A5501 /* SettingsViewModel.swift */ = {isa = PBXFileReference; lastKnownFileType = sourcecode.swift; path = SettingsViewModel.swift; sourceTree = "<group>"; };
		D17FC99325D8107C002A5501 /* SettingsViewModelProtocol.swift */ = {isa = PBXFileReference; lastKnownFileType = sourcecode.swift; path = SettingsViewModelProtocol.swift; sourceTree = "<group>"; };
		D17FC99825D8108B002A5501 /* FakeSettingsViewModel.swift */ = {isa = PBXFileReference; lastKnownFileType = sourcecode.swift; path = FakeSettingsViewModel.swift; sourceTree = "<group>"; };
		D17FC99D25D81450002A5501 /* SettingsItemExtension.swift */ = {isa = PBXFileReference; lastKnownFileType = sourcecode.swift; path = SettingsItemExtension.swift; sourceTree = "<group>"; };
		D17FC9A225D815EE002A5501 /* BundleExtension.swift */ = {isa = PBXFileReference; lastKnownFileType = sourcecode.swift; path = BundleExtension.swift; sourceTree = "<group>"; };
		D17FC9A825D817BE002A5501 /* SettingsRowView.swift */ = {isa = PBXFileReference; lastKnownFileType = sourcecode.swift; path = SettingsRowView.swift; sourceTree = "<group>"; };
		D17FC9AD25D817F4002A5501 /* ImageExtension.swift */ = {isa = PBXFileReference; lastKnownFileType = sourcecode.swift; path = ImageExtension.swift; sourceTree = "<group>"; };
		D17FC9B225D81810002A5501 /* SubTitleStyle.swift */ = {isa = PBXFileReference; lastKnownFileType = sourcecode.swift; path = SubTitleStyle.swift; sourceTree = "<group>"; };
		D17FC9D025D81EBB002A5501 /* UIApplicationExtension.swift */ = {isa = PBXFileReference; lastKnownFileType = sourcecode.swift; path = UIApplicationExtension.swift; sourceTree = "<group>"; };
		D17FC9D825D8235F002A5501 /* SettingsRowViewModel.swift */ = {isa = PBXFileReference; lastKnownFileType = sourcecode.swift; path = SettingsRowViewModel.swift; sourceTree = "<group>"; };
		D17FC9E625D82863002A5501 /* SettingsRowViewModelProtocol.swift */ = {isa = PBXFileReference; lastKnownFileType = sourcecode.swift; path = SettingsRowViewModelProtocol.swift; sourceTree = "<group>"; };
		D17FC9EB25D828F6002A5501 /* FakeSettingsRowViewModel.swift */ = {isa = PBXFileReference; lastKnownFileType = sourcecode.swift; path = FakeSettingsRowViewModel.swift; sourceTree = "<group>"; };
		D17FC9F025D82AC7002A5501 /* SettingsViewModelTests.swift */ = {isa = PBXFileReference; lastKnownFileType = sourcecode.swift; path = SettingsViewModelTests.swift; sourceTree = "<group>"; };
		D17FC9F525D82B9C002A5501 /* SettingsRowViewModelTests.swift */ = {isa = PBXFileReference; lastKnownFileType = sourcecode.swift; path = SettingsRowViewModelTests.swift; sourceTree = "<group>"; };
		D17FCA5A25D98986002A5501 /* TasksListViewModel.swift */ = {isa = PBXFileReference; lastKnownFileType = sourcecode.swift; path = TasksListViewModel.swift; sourceTree = "<group>"; };
		D187C07025DA6B4D00A5B09A /* Persistence.swift */ = {isa = PBXFileReference; lastKnownFileType = sourcecode.swift; path = Persistence.swift; sourceTree = "<group>"; };
		D1BB6D4A25D0104F00B1ED10 /* TaskIt.entitlements */ = {isa = PBXFileReference; lastKnownFileType = text.plist.entitlements; path = TaskIt.entitlements; sourceTree = "<group>"; };
		D1BC33C125D455F50068A57A /* Constants.swift */ = {isa = PBXFileReference; lastKnownFileType = sourcecode.swift; path = Constants.swift; sourceTree = "<group>"; };
		D1BC33DE25D594DE0068A57A /* TaskItTests.xctest */ = {isa = PBXFileReference; explicitFileType = wrapper.cfbundle; includeInIndex = 0; path = TaskItTests.xctest; sourceTree = BUILT_PRODUCTS_DIR; };
		D1BC33E225D594DE0068A57A /* Info.plist */ = {isa = PBXFileReference; lastKnownFileType = text.plist.xml; path = Info.plist; sourceTree = "<group>"; };
		D1BC346525D5A11E0068A57A /* Closure.swift */ = {isa = PBXFileReference; lastKnownFileType = sourcecode.swift; path = Closure.swift; sourceTree = "<group>"; };
		D1BC348825D5A92A0068A57A /* SettingsView.swift */ = {isa = PBXFileReference; lastKnownFileType = sourcecode.swift; path = SettingsView.swift; sourceTree = "<group>"; };
		D1BD687325E96EAA002C4518 /* RoundedButtonStyle.swift */ = {isa = PBXFileReference; lastKnownFileType = sourcecode.swift; path = RoundedButtonStyle.swift; sourceTree = "<group>"; };
		D1BD687725E970A9002C4518 /* FullWidthButtonStyle.swift */ = {isa = PBXFileReference; lastKnownFileType = sourcecode.swift; path = FullWidthButtonStyle.swift; sourceTree = "<group>"; };
		D1BD688525EA81F3002C4518 /* CheckboxToggleStyle.swift */ = {isa = PBXFileReference; lastKnownFileType = sourcecode.swift; path = CheckboxToggleStyle.swift; sourceTree = "<group>"; };
		D1BD688B25EA8ECF002C4518 /* TextBox.swift */ = {isa = PBXFileReference; lastKnownFileType = sourcecode.swift; path = TextBox.swift; sourceTree = "<group>"; };
		D1BD689025EB8E45002C4518 /* SubTask.swift */ = {isa = PBXFileReference; lastKnownFileType = sourcecode.swift; path = SubTask.swift; sourceTree = "<group>"; };
		D1D74EF325C96DA400E8EC77 /* Layout.swift */ = {isa = PBXFileReference; lastKnownFileType = sourcecode.swift; path = Layout.swift; sourceTree = "<group>"; };
		D1DCF68225EB9497006305E7 /* SubTaskRowView.swift */ = {isa = PBXFileReference; lastKnownFileType = sourcecode.swift; path = SubTaskRowView.swift; sourceTree = "<group>"; };
		D1DCF68525EB9511006305E7 /* SubTaskRowViewModel.swift */ = {isa = PBXFileReference; lastKnownFileType = sourcecode.swift; path = SubTaskRowViewModel.swift; sourceTree = "<group>"; };
		D1DCF68825EB9527006305E7 /* SubTaskRowViewModelProtocol.swift */ = {isa = PBXFileReference; lastKnownFileType = sourcecode.swift; path = SubTaskRowViewModelProtocol.swift; sourceTree = "<group>"; };
		D1DCF68B25EB9600006305E7 /* FakeSubTaskRowViewModel.swift */ = {isa = PBXFileReference; lastKnownFileType = sourcecode.swift; path = FakeSubTaskRowViewModel.swift; sourceTree = "<group>"; };
		D1DCF68F25EBD7EA006305E7 /* SubTaskListView.swift */ = {isa = PBXFileReference; lastKnownFileType = sourcecode.swift; path = SubTaskListView.swift; sourceTree = "<group>"; };
		D1DCF69325EBD8F3006305E7 /* SubTaskListViewModel.swift */ = {isa = PBXFileReference; lastKnownFileType = sourcecode.swift; path = SubTaskListViewModel.swift; sourceTree = "<group>"; };
		D1DCF69625EBD908006305E7 /* SubTaskListViewModelProtocol.swift */ = {isa = PBXFileReference; lastKnownFileType = sourcecode.swift; path = SubTaskListViewModelProtocol.swift; sourceTree = "<group>"; };
		D1DCF69A25EBD918006305E7 /* FakeSubTaskListViewModel.swift */ = {isa = PBXFileReference; lastKnownFileType = sourcecode.swift; path = FakeSubTaskListViewModel.swift; sourceTree = "<group>"; };
		D1E91F5925F4EDA20036C1C4 /* SheetModifier.swift */ = {isa = PBXFileReference; lastKnownFileType = sourcecode.swift; path = SheetModifier.swift; sourceTree = "<group>"; };
		D1E91F5C25F4EE650036C1C4 /* TaskItCoordinator.swift */ = {isa = PBXFileReference; lastKnownFileType = sourcecode.swift; path = TaskItCoordinator.swift; sourceTree = "<group>"; };
		D1E91F5F25F4EE700036C1C4 /* TaskItCoordinatorView.swift */ = {isa = PBXFileReference; lastKnownFileType = sourcecode.swift; path = TaskItCoordinatorView.swift; sourceTree = "<group>"; };
		D1F2065525F394F6001780E7 /* RoundedCorners.swift */ = {isa = PBXFileReference; lastKnownFileType = sourcecode.swift; path = RoundedCorners.swift; sourceTree = "<group>"; };
		D1F2065925F39A4C001780E7 /* NewTaskView.swift */ = {isa = PBXFileReference; lastKnownFileType = sourcecode.swift; path = NewTaskView.swift; sourceTree = "<group>"; };
		D1F2065D25F39DD6001780E7 /* NewTaskViewModel.swift */ = {isa = PBXFileReference; lastKnownFileType = sourcecode.swift; path = NewTaskViewModel.swift; sourceTree = "<group>"; };
		D1F2066125F39DF8001780E7 /* NewTaskViewModelProtocol.swift */ = {isa = PBXFileReference; lastKnownFileType = sourcecode.swift; path = NewTaskViewModelProtocol.swift; sourceTree = "<group>"; };
		D1F2066425F39E09001780E7 /* FakeNewTaskViewModel.swift */ = {isa = PBXFileReference; lastKnownFileType = sourcecode.swift; path = FakeNewTaskViewModel.swift; sourceTree = "<group>"; };
		D1F2066925F3A66B001780E7 /* ImageButtonStyle.swift */ = {isa = PBXFileReference; lastKnownFileType = sourcecode.swift; path = ImageButtonStyle.swift; sourceTree = "<group>"; };
		D1FED10925E6D16A00686A45 /* ToastPresenter.swift */ = {isa = PBXFileReference; lastKnownFileType = sourcecode.swift; path = ToastPresenter.swift; sourceTree = "<group>"; };
/* End PBXFileReference section */

/* Begin PBXFrameworksBuildPhase section */
		D1529C3625C70457003FC9D6 /* Frameworks */ = {
			isa = PBXFrameworksBuildPhase;
			buildActionMask = 2147483647;
			files = (
				D17FC98625D6E814002A5501 /* CloudKit.framework in Frameworks */,
				D1FB562325F2926600F87AC4 /* Introspect in Frameworks */,
			);
			runOnlyForDeploymentPostprocessing = 0;
		};
		D1BC33DB25D594DE0068A57A /* Frameworks */ = {
			isa = PBXFrameworksBuildPhase;
			buildActionMask = 2147483647;
			files = (
			);
			runOnlyForDeploymentPostprocessing = 0;
		};
/* End PBXFrameworksBuildPhase section */

/* Begin PBXGroup section */
		D11E734525E5719D006FD6CB /* Toast */ = {
			isa = PBXGroup;
			children = (
				D1FED10925E6D16A00686A45 /* ToastPresenter.swift */,
				D11E734625E571BA006FD6CB /* ToastMessage.swift */,
				D11E734925E571FF006FD6CB /* ToastView.swift */,
			);
			path = Toast;
			sourceTree = "<group>";
		};
		D11E7D3A25E155A800EED79E /* Calendar */ = {
			isa = PBXGroup;
			children = (
				D1783EBC25C9C9F100D8EFC3 /* CalendarView.swift */,
				D1297F3825F5038400A3D20B /* CalendarViewModelProtocol.swift */,
				D1297F3B25F5038F00A3D20B /* CalendarViewModel.swift */,
				D1297F3E25F5039D00A3D20B /* FakeCalendarViewModel.swift */,
			);
			path = Calendar;
			sourceTree = "<group>";
		};
		D13A6E2625C72E0C003A6759 /* Extensions */ = {
			isa = PBXGroup;
			children = (
				D17FC9A225D815EE002A5501 /* BundleExtension.swift */,
				D1529C7425C72C76003FC9D6 /* ColorExtensions.swift */,
				D11E733025E53781006FD6CB /* DateExtension.swift */,
				D11E7D3325E14DDE00EED79E /* FontExtension.swift */,
				D17FC9AD25D817F4002A5501 /* ImageExtension.swift */,
				D11E7D1225E1095700EED79E /* ListExtension.swift */,
				D11E734E25E6BC59006FD6CB /* NotificationExtension.swift */,
				D17FC99D25D81450002A5501 /* SettingsItemExtension.swift */,
				D17DAAA425DBE04900ED4A8C /* StringExtension.swift */,
				D17FC9D025D81EBB002A5501 /* UIApplicationExtension.swift */,
				D11E7D4125E15B1600EED79E /* UIScreenExtension.swift */,
				D11E7D1925E1433F00EED79E /* ViewExtension.swift */,
			);
			path = Extensions;
			sourceTree = "<group>";
		};
		D13A6E3025C73559003A6759 /* Styles */ = {
			isa = PBXGroup;
			children = (
				D1BD688525EA81F3002C4518 /* CheckboxToggleStyle.swift */,
				D131DFA025E277980039D7E7 /* FooterStyle.swift */,
				D1BD687725E970A9002C4518 /* FullWidthButtonStyle.swift */,
				D1F2066925F3A66B001780E7 /* ImageButtonStyle.swift */,
				D1BD687325E96EAA002C4518 /* RoundedButtonStyle.swift */,
				D17FC9B225D81810002A5501 /* SubTitleStyle.swift */,
				D1542BE825DFE9C5005FD7C7 /* SimpleTextFieldStyle.swift */,
			);
			path = Styles;
			sourceTree = "<group>";
		};
		D14E118825D2FCDD00FC27E3 /* Frameworks */ = {
			isa = PBXGroup;
			children = (
				D14E118925D2FCDD00FC27E3 /* CloudKit.framework */,
			);
			name = Frameworks;
			sourceTree = "<group>";
		};
		D1529C3025C70457003FC9D6 = {
			isa = PBXGroup;
			children = (
				D1529C3B25C70457003FC9D6 /* TaskIt */,
				D1BC33DF25D594DE0068A57A /* TaskItTests */,
				D1529C3A25C70457003FC9D6 /* Products */,
				D14E118825D2FCDD00FC27E3 /* Frameworks */,
			);
			sourceTree = "<group>";
		};
		D1529C3A25C70457003FC9D6 /* Products */ = {
			isa = PBXGroup;
			children = (
				D1529C3925C70457003FC9D6 /* TaskIt.app */,
				D1BC33DE25D594DE0068A57A /* TaskItTests.xctest */,
			);
			name = Products;
			sourceTree = "<group>";
		};
		D1529C3B25C70457003FC9D6 /* TaskIt */ = {
			isa = PBXGroup;
			children = (
				D1529C4C25C70F0B003FC9D6 /* Source */,
				D1529C4D25C70F10003FC9D6 /* Resources */,
				D1529C4225C70460003FC9D6 /* Preview Content */,
			);
			path = TaskIt;
			sourceTree = "<group>";
		};
		D1529C4225C70460003FC9D6 /* Preview Content */ = {
			isa = PBXGroup;
			children = (
				D1529C4325C70460003FC9D6 /* Preview Assets.xcassets */,
			);
			path = "Preview Content";
			sourceTree = "<group>";
		};
		D1529C4C25C70F0B003FC9D6 /* Source */ = {
			isa = PBXGroup;
			children = (
				D1529C3C25C70457003FC9D6 /* TaskItApp.swift */,
				D1BC33C125D455F50068A57A /* Constants.swift */,
				D17DAAD225DC278E00ED4A8C /* Components */,
				D13A6E2625C72E0C003A6759 /* Extensions */,
				D1E91F5725F4ED190036C1C4 /* Navigation */,
				D17DAA9F25DBDF6200ED4A8C /* Models */,
				D13A6E3025C73559003A6759 /* Styles */,
				D1529C6425C727CA003FC9D6 /* Views */,
				D1E91F5825F4ED7D0036C1C4 /* ViewModifiers */,
				D1D74EF725C96E5A00E8EC77 /* Utilities */,
			);
			path = Source;
			sourceTree = "<group>";
		};
		D1529C4D25C70F10003FC9D6 /* Resources */ = {
			isa = PBXGroup;
			children = (
				D1529C6D25C72982003FC9D6 /* Fonts */,
				D1529C5825C723C2003FC9D6 /* LaunchScreen.storyboard */,
				D1529C6925C72886003FC9D6 /* Localizable.strings */,
				D1529C4025C70460003FC9D6 /* Assets.xcassets */,
				D11E7D2725E14B8C00EED79E /* Colors.xcassets */,
				D1529C4525C70460003FC9D6 /* Info.plist */,
				D1BB6D4A25D0104F00B1ED10 /* TaskIt.entitlements */,
			);
			path = Resources;
			sourceTree = "<group>";
		};
		D1529C6425C727CA003FC9D6 /* Views */ = {
			isa = PBXGroup;
			children = (
				D1E91F4925F4E8F30036C1C4 /* Tasks List */,
				D1E91F4A25F4E9070036C1C4 /* Task Row */,
				D1E91F4C25F4E9220036C1C4 /* Task Details */,
				D1E91F5025F4E97E0036C1C4 /* New Task */,
				D1E91F4D25F4E9350036C1C4 /* Sub Task List */,
				D1E91F4E25F4E94D0036C1C4 /* Sub Task Row */,
				D11E7D3A25E155A800EED79E /* Calendar */,
				D17FC9A725D817A6002A5501 /* Settings */,
				D1E91F5125F4E98E0036C1C4 /* Settings Row */,
			);
			path = Views;
			sourceTree = "<group>";
		};
		D1529C6D25C72982003FC9D6 /* Fonts */ = {
			isa = PBXGroup;
			children = (
				D11E7D2D25E14D8800EED79E /* Nunito-Regular.ttf */,
				D15D7BE825E966AC00C380FA /* Nunito-SemiBold.ttf */,
				D15D7BE525E9664000C380FA /* Nunito-Bold.ttf */,
			);
			path = Fonts;
			sourceTree = "<group>";
		};
		D1542BB325DD8A5E005FD7C7 /* Mocks */ = {
			isa = PBXGroup;
			children = (
				D1542BB425DD8A74005FD7C7 /* MockTask.swift */,
				D1542BB925DD8D49005FD7C7 /* MockNSManagedObjectContext.swift */,
			);
			path = Mocks;
			sourceTree = "<group>";
		};
		D17DAA9F25DBDF6200ED4A8C /* Models */ = {
			isa = PBXGroup;
			children = (
				D17DAA4E25DB039000ED4A8C /* TaskIt.xcdatamodeld */,
				D187C07025DA6B4D00A5B09A /* Persistence.swift */,
				D17DA9FF25DAE50300ED4A8C /* Task.swift */,
				D1BD689025EB8E45002C4518 /* SubTask.swift */,
				D17DAAA825DBF10300ED4A8C /* Status.swift */,
			);
			path = Models;
			sourceTree = "<group>";
		};
		D17DAAD225DC278E00ED4A8C /* Components */ = {
			isa = PBXGroup;
			children = (
				D131DF9A25E276770039D7E7 /* ButtonFooterView.swift */,
				D1F2065525F394F6001780E7 /* RoundedCorners.swift */,
				D1BD688B25EA8ECF002C4518 /* TextBox.swift */,
				D11E734525E5719D006FD6CB /* Toast */,
			);
			path = Components;
			sourceTree = "<group>";
		};
		D17FC9A725D817A6002A5501 /* Settings */ = {
			isa = PBXGroup;
			children = (
				D1BC348825D5A92A0068A57A /* SettingsView.swift */,
				D17FC99325D8107C002A5501 /* SettingsViewModelProtocol.swift */,
				D17FC98E25D8106F002A5501 /* SettingsViewModel.swift */,
				D17FC99825D8108B002A5501 /* FakeSettingsViewModel.swift */,
			);
			path = Settings;
			sourceTree = "<group>";
		};
		D1BC33DF25D594DE0068A57A /* TaskItTests */ = {
			isa = PBXGroup;
			children = (
				D1BC33F425D595070068A57A /* Source */,
				D1BC33F525D5950E0068A57A /* Resources */,
			);
			path = TaskItTests;
			sourceTree = "<group>";
		};
		D1BC33F425D595070068A57A /* Source */ = {
			isa = PBXGroup;
			children = (
				D1542BB325DD8A5E005FD7C7 /* Mocks */,
				D1BC33F925D595CD0068A57A /* ViewModels */,
			);
			path = Source;
			sourceTree = "<group>";
		};
		D1BC33F525D5950E0068A57A /* Resources */ = {
			isa = PBXGroup;
			children = (
				D1BC33E225D594DE0068A57A /* Info.plist */,
			);
			path = Resources;
			sourceTree = "<group>";
		};
		D1BC33F925D595CD0068A57A /* ViewModels */ = {
			isa = PBXGroup;
			children = (
				D17FC9F025D82AC7002A5501 /* SettingsViewModelTests.swift */,
				D17FC9F525D82B9C002A5501 /* SettingsRowViewModelTests.swift */,
				D17DA9F925DAE35C00ED4A8C /* TasksListViewModelTests.swift */,
				D1542BAD25DD8997005FD7C7 /* TaskRowViewModelTests.swift */,
			);
			path = ViewModels;
			sourceTree = "<group>";
		};
		D1D74EF725C96E5A00E8EC77 /* Utilities */ = {
			isa = PBXGroup;
			children = (
				D1D74EF325C96DA400E8EC77 /* Layout.swift */,
				D1BC346525D5A11E0068A57A /* Closure.swift */,
			);
			path = Utilities;
			sourceTree = "<group>";
		};
		D1E91F4925F4E8F30036C1C4 /* Tasks List */ = {
			isa = PBXGroup;
			children = (
				D1783EB925C9C9E500D8EFC3 /* TasksListView.swift */,
				D17DA9D125DABEA600ED4A8C /* TasksListViewModelProtocol.swift */,
				D17FCA5A25D98986002A5501 /* TasksListViewModel.swift */,
				D17DA9D625DABECB00ED4A8C /* FakeTasksListViewModel.swift */,
			);
			path = "Tasks List";
			sourceTree = "<group>";
		};
		D1E91F4A25F4E9070036C1C4 /* Task Row */ = {
			isa = PBXGroup;
			children = (
				D17DAAB125DBFC9E00ED4A8C /* TaskRowView.swift */,
				D17DAAB425DBFCEB00ED4A8C /* TaskRowViewModelProtocol.swift */,
				D17DAABA25DBFD3300ED4A8C /* TaskRowViewModel.swift */,
				D17DAAB725DBFD0F00ED4A8C /* FakeTaskRowViewModel.swift */,
			);
			path = "Task Row";
			sourceTree = "<group>";
		};
		D1E91F4C25F4E9220036C1C4 /* Task Details */ = {
			isa = PBXGroup;
			children = (
				D17DA9C025DABB9100ED4A8C /* TaskDetailsView.swift */,
				D17DA9E425DAC51700ED4A8C /* TaskDetailsViewModelProtocol.swift */,
				D17DA9CC25DABE4600ED4A8C /* TaskDetailsViewModel.swift */,
				D17DA9E925DAC53700ED4A8C /* FakeTaskDetailsViewModel.swift */,
			);
			path = "Task Details";
			sourceTree = "<group>";
		};
		D1E91F4D25F4E9350036C1C4 /* Sub Task List */ = {
			isa = PBXGroup;
			children = (
				D1DCF68F25EBD7EA006305E7 /* SubTaskListView.swift */,
				D1DCF69625EBD908006305E7 /* SubTaskListViewModelProtocol.swift */,
				D1DCF69325EBD8F3006305E7 /* SubTaskListViewModel.swift */,
				D1DCF69A25EBD918006305E7 /* FakeSubTaskListViewModel.swift */,
			);
			path = "Sub Task List";
			sourceTree = "<group>";
		};
		D1E91F4E25F4E94D0036C1C4 /* Sub Task Row */ = {
			isa = PBXGroup;
			children = (
				D1DCF68225EB9497006305E7 /* SubTaskRowView.swift */,
				D1DCF68825EB9527006305E7 /* SubTaskRowViewModelProtocol.swift */,
				D1DCF68525EB9511006305E7 /* SubTaskRowViewModel.swift */,
				D1DCF68B25EB9600006305E7 /* FakeSubTaskRowViewModel.swift */,
			);
			path = "Sub Task Row";
			sourceTree = "<group>";
		};
		D1E91F5025F4E97E0036C1C4 /* New Task */ = {
			isa = PBXGroup;
			children = (
				D1F2065925F39A4C001780E7 /* NewTaskView.swift */,
				D1F2066125F39DF8001780E7 /* NewTaskViewModelProtocol.swift */,
				D1F2065D25F39DD6001780E7 /* NewTaskViewModel.swift */,
				D1F2066425F39E09001780E7 /* FakeNewTaskViewModel.swift */,
			);
			path = "New Task";
			sourceTree = "<group>";
		};
		D1E91F5125F4E98E0036C1C4 /* Settings Row */ = {
			isa = PBXGroup;
			children = (
				D17FC9A825D817BE002A5501 /* SettingsRowView.swift */,
				D17FC9E625D82863002A5501 /* SettingsRowViewModelProtocol.swift */,
				D17FC9D825D8235F002A5501 /* SettingsRowViewModel.swift */,
				D17FC9EB25D828F6002A5501 /* FakeSettingsRowViewModel.swift */,
			);
			path = "Settings Row";
			sourceTree = "<group>";
		};
		D1E91F5725F4ED190036C1C4 /* Navigation */ = {
			isa = PBXGroup;
			children = (
				D1E91F5C25F4EE650036C1C4 /* TaskItCoordinator.swift */,
				D1E91F5F25F4EE700036C1C4 /* TaskItCoordinatorView.swift */,
			);
			path = Navigation;
			sourceTree = "<group>";
		};
		D1E91F5825F4ED7D0036C1C4 /* ViewModifiers */ = {
			isa = PBXGroup;
			children = (
				D1E91F5925F4EDA20036C1C4 /* SheetModifier.swift */,
			);
			path = ViewModifiers;
			sourceTree = "<group>";
		};
/* End PBXGroup section */

/* Begin PBXNativeTarget section */
		D1529C3825C70457003FC9D6 /* TaskIt */ = {
			isa = PBXNativeTarget;
			buildConfigurationList = D1529C4825C70460003FC9D6 /* Build configuration list for PBXNativeTarget "TaskIt" */;
			buildPhases = (
				D1529C3525C70457003FC9D6 /* Sources */,
				D1529C3625C70457003FC9D6 /* Frameworks */,
				D1529C3725C70457003FC9D6 /* Resources */,
				D14E11AB25D3004D00FC27E3 /* Embed Frameworks */,
			);
			buildRules = (
			);
			dependencies = (
			);
			name = TaskIt;
			packageProductDependencies = (
				D1FB562225F2926600F87AC4 /* Introspect */,
			);
			productName = TaskIt;
			productReference = D1529C3925C70457003FC9D6 /* TaskIt.app */;
			productType = "com.apple.product-type.application";
		};
		D1BC33DD25D594DE0068A57A /* TaskItTests */ = {
			isa = PBXNativeTarget;
			buildConfigurationList = D1BC33E525D594DE0068A57A /* Build configuration list for PBXNativeTarget "TaskItTests" */;
			buildPhases = (
				D1BC33DA25D594DE0068A57A /* Sources */,
				D1BC33DB25D594DE0068A57A /* Frameworks */,
				D1BC33DC25D594DE0068A57A /* Resources */,
			);
			buildRules = (
			);
			dependencies = (
				D1BC33E425D594DE0068A57A /* PBXTargetDependency */,
			);
			name = TaskItTests;
			productName = TaskItTests;
			productReference = D1BC33DE25D594DE0068A57A /* TaskItTests.xctest */;
			productType = "com.apple.product-type.bundle.unit-test";
		};
/* End PBXNativeTarget section */

/* Begin PBXProject section */
		D1529C3125C70457003FC9D6 /* Project object */ = {
			isa = PBXProject;
			attributes = {
				LastSwiftUpdateCheck = 1240;
				LastUpgradeCheck = 1240;
				TargetAttributes = {
					D1529C3825C70457003FC9D6 = {
						CreatedOnToolsVersion = 12.4;
					};
					D1BC33DD25D594DE0068A57A = {
						CreatedOnToolsVersion = 12.4;
						TestTargetID = D1529C3825C70457003FC9D6;
					};
				};
			};
			buildConfigurationList = D1529C3425C70457003FC9D6 /* Build configuration list for PBXProject "TaskIt" */;
			compatibilityVersion = "Xcode 9.3";
			developmentRegion = en;
			hasScannedForEncodings = 0;
			knownRegions = (
				en,
				Base,
			);
			mainGroup = D1529C3025C70457003FC9D6;
			packageReferences = (
				D1FB562125F2926600F87AC4 /* XCRemoteSwiftPackageReference "SwiftUI-Introspect" */,
			);
			productRefGroup = D1529C3A25C70457003FC9D6 /* Products */;
			projectDirPath = "";
			projectRoot = "";
			targets = (
				D1529C3825C70457003FC9D6 /* TaskIt */,
				D1BC33DD25D594DE0068A57A /* TaskItTests */,
			);
		};
/* End PBXProject section */

/* Begin PBXResourcesBuildPhase section */
		D1529C3725C70457003FC9D6 /* Resources */ = {
			isa = PBXResourcesBuildPhase;
			buildActionMask = 2147483647;
			files = (
				D15D7BE925E966AC00C380FA /* Nunito-SemiBold.ttf in Resources */,
				D15D7BE625E9664000C380FA /* Nunito-Bold.ttf in Resources */,
				D11E7D3025E14D8800EED79E /* Nunito-Regular.ttf in Resources */,
				D1529C5925C723C2003FC9D6 /* LaunchScreen.storyboard in Resources */,
				D1529C6A25C72886003FC9D6 /* Localizable.strings in Resources */,
				D11E7D2825E14B8C00EED79E /* Colors.xcassets in Resources */,
				D1529C4425C70460003FC9D6 /* Preview Assets.xcassets in Resources */,
				D1529C4125C70460003FC9D6 /* Assets.xcassets in Resources */,
			);
			runOnlyForDeploymentPostprocessing = 0;
		};
		D1BC33DC25D594DE0068A57A /* Resources */ = {
			isa = PBXResourcesBuildPhase;
			buildActionMask = 2147483647;
			files = (
			);
			runOnlyForDeploymentPostprocessing = 0;
		};
/* End PBXResourcesBuildPhase section */

/* Begin PBXSourcesBuildPhase section */
		D1529C3525C70457003FC9D6 /* Sources */ = {
			isa = PBXSourcesBuildPhase;
			buildActionMask = 2147483647;
			files = (
				D17DA9D225DABEA600ED4A8C /* TasksListViewModelProtocol.swift in Sources */,
				D1E91F6025F4EE700036C1C4 /* TaskItCoordinatorView.swift in Sources */,
				D1DCF68625EB9511006305E7 /* SubTaskRowViewModel.swift in Sources */,
				D11E7D3425E14DDE00EED79E /* FontExtension.swift in Sources */,
				D11E733125E53781006FD6CB /* DateExtension.swift in Sources */,
				D1DCF69425EBD8F3006305E7 /* SubTaskListViewModel.swift in Sources */,
				D11E734725E571BA006FD6CB /* ToastMessage.swift in Sources */,
				D1FED10A25E6D16A00686A45 /* ToastPresenter.swift in Sources */,
				D17DAAB525DBFCEB00ED4A8C /* TaskRowViewModelProtocol.swift in Sources */,
				D1297F3F25F5039D00A3D20B /* FakeCalendarViewModel.swift in Sources */,
				D1DCF69B25EBD918006305E7 /* FakeSubTaskListViewModel.swift in Sources */,
				D11E7D1325E1095700EED79E /* ListExtension.swift in Sources */,
				D11E734F25E6BC59006FD6CB /* NotificationExtension.swift in Sources */,
				D17DA9CD25DABE4600ED4A8C /* TaskDetailsViewModel.swift in Sources */,
				D1F2066525F39E09001780E7 /* FakeNewTaskViewModel.swift in Sources */,
				D1DCF68925EB9527006305E7 /* SubTaskRowViewModelProtocol.swift in Sources */,
				D11E734A25E571FF006FD6CB /* ToastView.swift in Sources */,
				D1BD687825E970A9002C4518 /* FullWidthButtonStyle.swift in Sources */,
				D17DAA9A25DBDF5300ED4A8C /* Persistence.swift in Sources */,
				D1DCF69725EBD908006305E7 /* SubTaskListViewModelProtocol.swift in Sources */,
				D17DA9C125DABB9100ED4A8C /* TaskDetailsView.swift in Sources */,
				D17DA9EA25DAC53700ED4A8C /* FakeTaskDetailsViewModel.swift in Sources */,
				D1D74EF425C96DA400E8EC77 /* Layout.swift in Sources */,
				D17DAA9925DBDF5300ED4A8C /* Task.swift in Sources */,
				D1BC346625D5A11E0068A57A /* Closure.swift in Sources */,
				D1297F3C25F5038F00A3D20B /* CalendarViewModel.swift in Sources */,
				D1529C7525C72C76003FC9D6 /* ColorExtensions.swift in Sources */,
				D131DFA125E277980039D7E7 /* FooterStyle.swift in Sources */,
				D17FC9B325D81810002A5501 /* SubTitleStyle.swift in Sources */,
				D1F2066A25F3A66B001780E7 /* ImageButtonStyle.swift in Sources */,
				D17DAAA125DBDF8400ED4A8C /* TaskIt.xcdatamodeld in Sources */,
				D17FC9E725D82863002A5501 /* SettingsRowViewModelProtocol.swift in Sources */,
				D1783EBD25C9C9F100D8EFC3 /* CalendarView.swift in Sources */,
				D17DA9E525DAC51700ED4A8C /* TaskDetailsViewModelProtocol.swift in Sources */,
				D1BD688C25EA8ECF002C4518 /* TextBox.swift in Sources */,
				D1F2065E25F39DD6001780E7 /* NewTaskViewModel.swift in Sources */,
				D17FCA5B25D98986002A5501 /* TasksListViewModel.swift in Sources */,
				D17DAAA525DBE04900ED4A8C /* StringExtension.swift in Sources */,
				D1542BE925DFE9C5005FD7C7 /* SimpleTextFieldStyle.swift in Sources */,
				D1BD689125EB8E45002C4518 /* SubTask.swift in Sources */,
				D1F2066225F39DF8001780E7 /* NewTaskViewModelProtocol.swift in Sources */,
				D1F2065625F394F6001780E7 /* RoundedCorners.swift in Sources */,
				D17FC9D925D8235F002A5501 /* SettingsRowViewModel.swift in Sources */,
				D17DAABB25DBFD3300ED4A8C /* TaskRowViewModel.swift in Sources */,
				D1DCF69025EBD7EA006305E7 /* SubTaskListView.swift in Sources */,
				D17DAAB225DBFC9E00ED4A8C /* TaskRowView.swift in Sources */,
				D1DCF68C25EB9600006305E7 /* FakeSubTaskRowViewModel.swift in Sources */,
				D17DA9D725DABECB00ED4A8C /* FakeTasksListViewModel.swift in Sources */,
				D17FC9A925D817BE002A5501 /* SettingsRowView.swift in Sources */,
				D11E7D1A25E1433F00EED79E /* ViewExtension.swift in Sources */,
				D1F2065A25F39A4C001780E7 /* NewTaskView.swift in Sources */,
				D17FC99925D8108B002A5501 /* FakeSettingsViewModel.swift in Sources */,
				D17FC9AE25D817F4002A5501 /* ImageExtension.swift in Sources */,
				D1E91F5D25F4EE650036C1C4 /* TaskItCoordinator.swift in Sources */,
				D1E91F5A25F4EDA20036C1C4 /* SheetModifier.swift in Sources */,
				D1529C3D25C70457003FC9D6 /* TaskItApp.swift in Sources */,
				D1783EBA25C9C9E500D8EFC3 /* TasksListView.swift in Sources */,
				D17FC99E25D81450002A5501 /* SettingsItemExtension.swift in Sources */,
				D1BD688625EA81F3002C4518 /* CheckboxToggleStyle.swift in Sources */,
				D1BD687425E96EAA002C4518 /* RoundedButtonStyle.swift in Sources */,
				D17FC98F25D8106F002A5501 /* SettingsViewModel.swift in Sources */,
				D17FC9EC25D828F6002A5501 /* FakeSettingsRowViewModel.swift in Sources */,
				D17FC99425D8107C002A5501 /* SettingsViewModelProtocol.swift in Sources */,
				D1DCF68325EB9497006305E7 /* SubTaskRowView.swift in Sources */,
				D11E7D4225E15B1600EED79E /* UIScreenExtension.swift in Sources */,
				D17DAAB825DBFD0F00ED4A8C /* FakeTaskRowViewModel.swift in Sources */,
				D1BC33C225D455F50068A57A /* Constants.swift in Sources */,
				D17DAAA925DBF10300ED4A8C /* Status.swift in Sources */,
				D1BC348925D5A92A0068A57A /* SettingsView.swift in Sources */,
				D17FC9D125D81EBB002A5501 /* UIApplicationExtension.swift in Sources */,
				D17FC9A325D815EE002A5501 /* BundleExtension.swift in Sources */,
				D131DF9B25E276770039D7E7 /* ButtonFooterView.swift in Sources */,
				D1297F3925F5038400A3D20B /* CalendarViewModelProtocol.swift in Sources */,
			);
			runOnlyForDeploymentPostprocessing = 0;
		};
		D1BC33DA25D594DE0068A57A /* Sources */ = {
			isa = PBXSourcesBuildPhase;
			buildActionMask = 2147483647;
			files = (
				D17FC9F625D82B9C002A5501 /* SettingsRowViewModelTests.swift in Sources */,
				D17FC9F125D82AC7002A5501 /* SettingsViewModelTests.swift in Sources */,
				D1542BAE25DD8997005FD7C7 /* TaskRowViewModelTests.swift in Sources */,
				D17DA9FA25DAE35C00ED4A8C /* TasksListViewModelTests.swift in Sources */,
				D1542BBA25DD8D49005FD7C7 /* MockNSManagedObjectContext.swift in Sources */,
				D1542BB525DD8A74005FD7C7 /* MockTask.swift in Sources */,
			);
			runOnlyForDeploymentPostprocessing = 0;
		};
/* End PBXSourcesBuildPhase section */

/* Begin PBXTargetDependency section */
		D1BC33E425D594DE0068A57A /* PBXTargetDependency */ = {
			isa = PBXTargetDependency;
			target = D1529C3825C70457003FC9D6 /* TaskIt */;
			targetProxy = D1BC33E325D594DE0068A57A /* PBXContainerItemProxy */;
		};
/* End PBXTargetDependency section */

/* Begin XCBuildConfiguration section */
		D1529C4625C70460003FC9D6 /* Debug */ = {
			isa = XCBuildConfiguration;
			buildSettings = {
				ALWAYS_SEARCH_USER_PATHS = NO;
				CLANG_ANALYZER_NONNULL = YES;
				CLANG_ANALYZER_NUMBER_OBJECT_CONVERSION = YES_AGGRESSIVE;
				CLANG_CXX_LANGUAGE_STANDARD = "gnu++14";
				CLANG_CXX_LIBRARY = "libc++";
				CLANG_ENABLE_MODULES = YES;
				CLANG_ENABLE_OBJC_ARC = YES;
				CLANG_ENABLE_OBJC_WEAK = YES;
				CLANG_WARN_BLOCK_CAPTURE_AUTORELEASING = YES;
				CLANG_WARN_BOOL_CONVERSION = YES;
				CLANG_WARN_COMMA = YES;
				CLANG_WARN_CONSTANT_CONVERSION = YES;
				CLANG_WARN_DEPRECATED_OBJC_IMPLEMENTATIONS = YES;
				CLANG_WARN_DIRECT_OBJC_ISA_USAGE = YES_ERROR;
				CLANG_WARN_DOCUMENTATION_COMMENTS = YES;
				CLANG_WARN_EMPTY_BODY = YES;
				CLANG_WARN_ENUM_CONVERSION = YES;
				CLANG_WARN_INFINITE_RECURSION = YES;
				CLANG_WARN_INT_CONVERSION = YES;
				CLANG_WARN_NON_LITERAL_NULL_CONVERSION = YES;
				CLANG_WARN_OBJC_IMPLICIT_RETAIN_SELF = YES;
				CLANG_WARN_OBJC_LITERAL_CONVERSION = YES;
				CLANG_WARN_OBJC_ROOT_CLASS = YES_ERROR;
				CLANG_WARN_QUOTED_INCLUDE_IN_FRAMEWORK_HEADER = YES;
				CLANG_WARN_RANGE_LOOP_ANALYSIS = YES;
				CLANG_WARN_STRICT_PROTOTYPES = YES;
				CLANG_WARN_SUSPICIOUS_MOVE = YES;
				CLANG_WARN_UNGUARDED_AVAILABILITY = YES_AGGRESSIVE;
				CLANG_WARN_UNREACHABLE_CODE = YES;
				CLANG_WARN__DUPLICATE_METHOD_MATCH = YES;
				COPY_PHASE_STRIP = NO;
				DEBUG_INFORMATION_FORMAT = dwarf;
				ENABLE_STRICT_OBJC_MSGSEND = YES;
				ENABLE_TESTABILITY = YES;
				GCC_C_LANGUAGE_STANDARD = gnu11;
				GCC_DYNAMIC_NO_PIC = NO;
				GCC_NO_COMMON_BLOCKS = YES;
				GCC_OPTIMIZATION_LEVEL = 0;
				GCC_PREPROCESSOR_DEFINITIONS = (
					"DEBUG=1",
					"$(inherited)",
				);
				GCC_WARN_64_TO_32_BIT_CONVERSION = YES;
				GCC_WARN_ABOUT_RETURN_TYPE = YES_ERROR;
				GCC_WARN_UNDECLARED_SELECTOR = YES;
				GCC_WARN_UNINITIALIZED_AUTOS = YES_AGGRESSIVE;
				GCC_WARN_UNUSED_FUNCTION = YES;
				GCC_WARN_UNUSED_VARIABLE = YES;
				IPHONEOS_DEPLOYMENT_TARGET = 14.4;
				MTL_ENABLE_DEBUG_INFO = INCLUDE_SOURCE;
				MTL_FAST_MATH = YES;
				ONLY_ACTIVE_ARCH = YES;
				SDKROOT = iphoneos;
				SWIFT_ACTIVE_COMPILATION_CONDITIONS = DEBUG;
				SWIFT_OPTIMIZATION_LEVEL = "-Onone";
			};
			name = Debug;
		};
		D1529C4725C70460003FC9D6 /* Release */ = {
			isa = XCBuildConfiguration;
			buildSettings = {
				ALWAYS_SEARCH_USER_PATHS = NO;
				CLANG_ANALYZER_NONNULL = YES;
				CLANG_ANALYZER_NUMBER_OBJECT_CONVERSION = YES_AGGRESSIVE;
				CLANG_CXX_LANGUAGE_STANDARD = "gnu++14";
				CLANG_CXX_LIBRARY = "libc++";
				CLANG_ENABLE_MODULES = YES;
				CLANG_ENABLE_OBJC_ARC = YES;
				CLANG_ENABLE_OBJC_WEAK = YES;
				CLANG_WARN_BLOCK_CAPTURE_AUTORELEASING = YES;
				CLANG_WARN_BOOL_CONVERSION = YES;
				CLANG_WARN_COMMA = YES;
				CLANG_WARN_CONSTANT_CONVERSION = YES;
				CLANG_WARN_DEPRECATED_OBJC_IMPLEMENTATIONS = YES;
				CLANG_WARN_DIRECT_OBJC_ISA_USAGE = YES_ERROR;
				CLANG_WARN_DOCUMENTATION_COMMENTS = YES;
				CLANG_WARN_EMPTY_BODY = YES;
				CLANG_WARN_ENUM_CONVERSION = YES;
				CLANG_WARN_INFINITE_RECURSION = YES;
				CLANG_WARN_INT_CONVERSION = YES;
				CLANG_WARN_NON_LITERAL_NULL_CONVERSION = YES;
				CLANG_WARN_OBJC_IMPLICIT_RETAIN_SELF = YES;
				CLANG_WARN_OBJC_LITERAL_CONVERSION = YES;
				CLANG_WARN_OBJC_ROOT_CLASS = YES_ERROR;
				CLANG_WARN_QUOTED_INCLUDE_IN_FRAMEWORK_HEADER = YES;
				CLANG_WARN_RANGE_LOOP_ANALYSIS = YES;
				CLANG_WARN_STRICT_PROTOTYPES = YES;
				CLANG_WARN_SUSPICIOUS_MOVE = YES;
				CLANG_WARN_UNGUARDED_AVAILABILITY = YES_AGGRESSIVE;
				CLANG_WARN_UNREACHABLE_CODE = YES;
				CLANG_WARN__DUPLICATE_METHOD_MATCH = YES;
				COPY_PHASE_STRIP = NO;
				DEBUG_INFORMATION_FORMAT = "dwarf-with-dsym";
				ENABLE_NS_ASSERTIONS = NO;
				ENABLE_STRICT_OBJC_MSGSEND = YES;
				GCC_C_LANGUAGE_STANDARD = gnu11;
				GCC_NO_COMMON_BLOCKS = YES;
				GCC_WARN_64_TO_32_BIT_CONVERSION = YES;
				GCC_WARN_ABOUT_RETURN_TYPE = YES_ERROR;
				GCC_WARN_UNDECLARED_SELECTOR = YES;
				GCC_WARN_UNINITIALIZED_AUTOS = YES_AGGRESSIVE;
				GCC_WARN_UNUSED_FUNCTION = YES;
				GCC_WARN_UNUSED_VARIABLE = YES;
				IPHONEOS_DEPLOYMENT_TARGET = 14.4;
				MTL_ENABLE_DEBUG_INFO = NO;
				MTL_FAST_MATH = YES;
				SDKROOT = iphoneos;
				SWIFT_COMPILATION_MODE = wholemodule;
				SWIFT_OPTIMIZATION_LEVEL = "-O";
				VALIDATE_PRODUCT = YES;
			};
			name = Release;
		};
		D1529C4925C70460003FC9D6 /* Debug */ = {
			isa = XCBuildConfiguration;
			buildSettings = {
				ASSETCATALOG_COMPILER_APPICON_NAME = AppIcon;
				ASSETCATALOG_COMPILER_GLOBAL_ACCENT_COLOR_NAME = AccentColor;
				CODE_SIGN_ENTITLEMENTS = TaskIt/Resources/TaskIt.entitlements;
				CODE_SIGN_STYLE = Automatic;
				DEVELOPMENT_ASSET_PATHS = "\"TaskIt/Preview Content\"";
				DEVELOPMENT_TEAM = NPHFRGDN5J;
				"ENABLE_HARDENED_RUNTIME[sdk=macosx*]" = NO;
				ENABLE_PREVIEWS = YES;
				INFOPLIST_FILE = TaskIt/Resources/Info.plist;
				IPHONEOS_DEPLOYMENT_TARGET = 14.1;
				LD_RUNPATH_SEARCH_PATHS = (
					"$(inherited)",
					"@executable_path/Frameworks",
				);
				MARKETING_VERSION = 1.0.0;
				PRODUCT_BUNDLE_IDENTIFIER = com.kyledold.TaskIt;
				PRODUCT_NAME = "$(TARGET_NAME)";
				SUPPORTS_MACCATALYST = YES;
				SUPPORTS_MAC_DESIGNED_FOR_IPHONE_IPAD = NO;
				SWIFT_VERSION = 5.0;
				TARGETED_DEVICE_FAMILY = "1,2";
			};
			name = Debug;
		};
		D1529C4A25C70460003FC9D6 /* Release */ = {
			isa = XCBuildConfiguration;
			buildSettings = {
				ASSETCATALOG_COMPILER_APPICON_NAME = AppIcon;
				ASSETCATALOG_COMPILER_GLOBAL_ACCENT_COLOR_NAME = AccentColor;
				CODE_SIGN_ENTITLEMENTS = TaskIt/Resources/TaskIt.entitlements;
				CODE_SIGN_STYLE = Automatic;
				DEVELOPMENT_ASSET_PATHS = "\"TaskIt/Preview Content\"";
				DEVELOPMENT_TEAM = NPHFRGDN5J;
				"ENABLE_HARDENED_RUNTIME[sdk=macosx*]" = NO;
				ENABLE_PREVIEWS = YES;
				INFOPLIST_FILE = TaskIt/Resources/Info.plist;
				IPHONEOS_DEPLOYMENT_TARGET = 14.1;
				LD_RUNPATH_SEARCH_PATHS = (
					"$(inherited)",
					"@executable_path/Frameworks",
				);
				MARKETING_VERSION = 1.0.0;
				PRODUCT_BUNDLE_IDENTIFIER = com.kyledold.TaskIt;
				PRODUCT_NAME = "$(TARGET_NAME)";
				SUPPORTS_MACCATALYST = YES;
				SUPPORTS_MAC_DESIGNED_FOR_IPHONE_IPAD = NO;
				SWIFT_VERSION = 5.0;
				TARGETED_DEVICE_FAMILY = "1,2";
			};
			name = Release;
		};
		D1BC33E625D594DE0068A57A /* Debug */ = {
			isa = XCBuildConfiguration;
			buildSettings = {
				BUNDLE_LOADER = "$(TEST_HOST)";
				CODE_SIGN_STYLE = Automatic;
				DEVELOPMENT_TEAM = NPHFRGDN5J;
				INFOPLIST_FILE = TaskItTests/Resources/Info.plist;
				LD_RUNPATH_SEARCH_PATHS = (
					"$(inherited)",
					"@executable_path/Frameworks",
					"@loader_path/Frameworks",
				);
				PRODUCT_BUNDLE_IDENTIFIER = com.kyledold.TaskItTests;
				PRODUCT_NAME = "$(TARGET_NAME)";
				SWIFT_VERSION = 5.0;
				TARGETED_DEVICE_FAMILY = "1,2";
				TEST_HOST = "$(BUILT_PRODUCTS_DIR)/TaskIt.app/TaskIt";
			};
			name = Debug;
		};
		D1BC33E725D594DE0068A57A /* Release */ = {
			isa = XCBuildConfiguration;
			buildSettings = {
				BUNDLE_LOADER = "$(TEST_HOST)";
				CODE_SIGN_STYLE = Automatic;
				DEVELOPMENT_TEAM = NPHFRGDN5J;
				INFOPLIST_FILE = TaskItTests/Resources/Info.plist;
				LD_RUNPATH_SEARCH_PATHS = (
					"$(inherited)",
					"@executable_path/Frameworks",
					"@loader_path/Frameworks",
				);
				PRODUCT_BUNDLE_IDENTIFIER = com.kyledold.TaskItTests;
				PRODUCT_NAME = "$(TARGET_NAME)";
				SWIFT_VERSION = 5.0;
				TARGETED_DEVICE_FAMILY = "1,2";
				TEST_HOST = "$(BUILT_PRODUCTS_DIR)/TaskIt.app/TaskIt";
			};
			name = Release;
		};
/* End XCBuildConfiguration section */

/* Begin XCConfigurationList section */
		D1529C3425C70457003FC9D6 /* Build configuration list for PBXProject "TaskIt" */ = {
			isa = XCConfigurationList;
			buildConfigurations = (
				D1529C4625C70460003FC9D6 /* Debug */,
				D1529C4725C70460003FC9D6 /* Release */,
			);
			defaultConfigurationIsVisible = 0;
			defaultConfigurationName = Release;
		};
		D1529C4825C70460003FC9D6 /* Build configuration list for PBXNativeTarget "TaskIt" */ = {
			isa = XCConfigurationList;
			buildConfigurations = (
				D1529C4925C70460003FC9D6 /* Debug */,
				D1529C4A25C70460003FC9D6 /* Release */,
			);
			defaultConfigurationIsVisible = 0;
			defaultConfigurationName = Release;
		};
		D1BC33E525D594DE0068A57A /* Build configuration list for PBXNativeTarget "TaskItTests" */ = {
			isa = XCConfigurationList;
			buildConfigurations = (
				D1BC33E625D594DE0068A57A /* Debug */,
				D1BC33E725D594DE0068A57A /* Release */,
			);
			defaultConfigurationIsVisible = 0;
			defaultConfigurationName = Release;
		};
/* End XCConfigurationList section */

/* Begin XCRemoteSwiftPackageReference section */
		D1FB562125F2926600F87AC4 /* XCRemoteSwiftPackageReference "SwiftUI-Introspect" */ = {
			isa = XCRemoteSwiftPackageReference;
			repositoryURL = "https://github.com/siteline/SwiftUI-Introspect.git";
			requirement = {
				kind = upToNextMajorVersion;
				minimumVersion = 0.1.2;
			};
		};
/* End XCRemoteSwiftPackageReference section */

/* Begin XCSwiftPackageProductDependency section */
		D1FB562225F2926600F87AC4 /* Introspect */ = {
			isa = XCSwiftPackageProductDependency;
			package = D1FB562125F2926600F87AC4 /* XCRemoteSwiftPackageReference "SwiftUI-Introspect" */;
			productName = Introspect;
		};
/* End XCSwiftPackageProductDependency section */

/* Begin XCVersionGroup section */
		D17DAA4E25DB039000ED4A8C /* TaskIt.xcdatamodeld */ = {
			isa = XCVersionGroup;
			children = (
				D17DAA4F25DB039000ED4A8C /* TaskIt.xcdatamodel */,
			);
			currentVersion = D17DAA4F25DB039000ED4A8C /* TaskIt.xcdatamodel */;
			path = TaskIt.xcdatamodeld;
			sourceTree = "<group>";
			versionGroupType = wrapper.xcdatamodel;
		};
/* End XCVersionGroup section */
	};
	rootObject = D1529C3125C70457003FC9D6 /* Project object */;
}
