{
  "object": {
    "pins": [
      {
        "package": "FloatingLabelTextFieldSwiftUI",
        "repositoryURL": "https://github.com/kishanraja/FloatingLabelTextFieldSwiftUI.git",
        "state": {
          "branch": null,
          "revision": "2b52de9a479b46bb26ecf9bd06a0869e9593c686",
          "version": "4.1.0"
        }
      }
    ]
  },
  "version": 1
}
